// !$*UTF8*$!
{
	archiveVersion = 1;
	classes = {
	};
	objectVersion = 56;
	objects = {

/* Begin PBXBuildFile section */
		9B1DE7102C3661F0001D25CE /* Team.swift in Sources */ = {isa = PBXBuildFile; fileRef = 9B1DE70F2C3661F0001D25CE /* Team.swift */; };
		9B1DE7122C366239001D25CE /* Game.swift in Sources */ = {isa = PBXBuildFile; fileRef = 9B1DE7112C366239001D25CE /* Game.swift */; };
		9B1DE7142C3662BD001D25CE /* Scoreboard.swift in Sources */ = {isa = PBXBuildFile; fileRef = 9B1DE7132C3662BD001D25CE /* Scoreboard.swift */; };
		9B1DE7162C366315001D25CE /* Point.swift in Sources */ = {isa = PBXBuildFile; fileRef = 9B1DE7152C366315001D25CE /* Point.swift */; };
		9B1DE71A2C366B41001D25CE /* GameSet.swift in Sources */ = {isa = PBXBuildFile; fileRef = 9B1DE7192C366B41001D25CE /* GameSet.swift */; };
		9B1DE71C2C36F168001D25CE /* TeamListView.swift in Sources */ = {isa = PBXBuildFile; fileRef = 9B1DE71B2C36F168001D25CE /* TeamListView.swift */; };
		9B1DE71E2C36F219001D25CE /* AppView.swift in Sources */ = {isa = PBXBuildFile; fileRef = 9B1DE71D2C36F219001D25CE /* AppView.swift */; };
		9B1DE7582C376547001D25CE /* NewGameView.swift in Sources */ = {isa = PBXBuildFile; fileRef = 9B1DE7572C376547001D25CE /* NewGameView.swift */; };
		9B1DE75A2C37668C001D25CE /* TeamPickerView.swift in Sources */ = {isa = PBXBuildFile; fileRef = 9B1DE7592C37668C001D25CE /* TeamPickerView.swift */; };
		9B1DE75C2C3849AE001D25CE /* GameSetListView.swift in Sources */ = {isa = PBXBuildFile; fileRef = 9B1DE75B2C3849AE001D25CE /* GameSetListView.swift */; };
		9B1DE75E2C389AA0001D25CE /* ScoreboardView.swift in Sources */ = {isa = PBXBuildFile; fileRef = 9B1DE75D2C389AA0001D25CE /* ScoreboardView.swift */; };
		9B6472982C3C8A5700D515FC /* DateUtil.swift in Sources */ = {isa = PBXBuildFile; fileRef = 9B6472972C3C8A5700D515FC /* DateUtil.swift */; };
		9B64729C2C3D856400D515FC /* Launch Screen.storyboard in Resources */ = {isa = PBXBuildFile; fileRef = 9B64729B2C3D856400D515FC /* Launch Screen.storyboard */; };
		9BD7325E2C3A451B00E1B599 /* PreviewContainer.swift in Sources */ = {isa = PBXBuildFile; fileRef = 9BD7325D2C3A451B00E1B599 /* PreviewContainer.swift */; };
		9BE626D72C36150E00B38BEE /* VolleyScoreboardApp.swift in Sources */ = {isa = PBXBuildFile; fileRef = 9BE626D62C36150E00B38BEE /* VolleyScoreboardApp.swift */; };
		9BE626D92C36150E00B38BEE /* GameListView.swift in Sources */ = {isa = PBXBuildFile; fileRef = 9BE626D82C36150E00B38BEE /* GameListView.swift */; };
		9BE626DD2C36150F00B38BEE /* Assets.xcassets in Resources */ = {isa = PBXBuildFile; fileRef = 9BE626DC2C36150F00B38BEE /* Assets.xcassets */; };
		9BE626E02C36150F00B38BEE /* Preview Assets.xcassets in Resources */ = {isa = PBXBuildFile; fileRef = 9BE626DF2C36150F00B38BEE /* Preview Assets.xcassets */; };
		9BE626EA2C36150F00B38BEE /* VolleyScoreboardTests.swift in Sources */ = {isa = PBXBuildFile; fileRef = 9BE626E92C36150F00B38BEE /* VolleyScoreboardTests.swift */; };
		9BE626F42C36150F00B38BEE /* VolleyScoreboardUITests.swift in Sources */ = {isa = PBXBuildFile; fileRef = 9BE626F32C36150F00B38BEE /* VolleyScoreboardUITests.swift */; };
		9BE626F62C36150F00B38BEE /* VolleyScoreboardUITestsLaunchTests.swift in Sources */ = {isa = PBXBuildFile; fileRef = 9BE626F52C36150F00B38BEE /* VolleyScoreboardUITestsLaunchTests.swift */; };
/* End PBXBuildFile section */

/* Begin PBXContainerItemProxy section */
		9BE626E62C36150F00B38BEE /* PBXContainerItemProxy */ = {
			isa = PBXContainerItemProxy;
			containerPortal = 9BE626CB2C36150E00B38BEE /* Project object */;
			proxyType = 1;
			remoteGlobalIDString = 9BE626D22C36150E00B38BEE;
			remoteInfo = VolleyScoreboard;
		};
		9BE626F02C36150F00B38BEE /* PBXContainerItemProxy */ = {
			isa = PBXContainerItemProxy;
			containerPortal = 9BE626CB2C36150E00B38BEE /* Project object */;
			proxyType = 1;
			remoteGlobalIDString = 9BE626D22C36150E00B38BEE;
			remoteInfo = VolleyScoreboard;
		};
/* End PBXContainerItemProxy section */

/* Begin PBXFileReference section */
		9B1DE70F2C3661F0001D25CE /* Team.swift */ = {isa = PBXFileReference; lastKnownFileType = sourcecode.swift; path = Team.swift; sourceTree = "<group>"; };
		9B1DE7112C366239001D25CE /* Game.swift */ = {isa = PBXFileReference; lastKnownFileType = sourcecode.swift; path = Game.swift; sourceTree = "<group>"; };
		9B1DE7132C3662BD001D25CE /* Scoreboard.swift */ = {isa = PBXFileReference; lastKnownFileType = sourcecode.swift; path = Scoreboard.swift; sourceTree = "<group>"; };
		9B1DE7152C366315001D25CE /* Point.swift */ = {isa = PBXFileReference; lastKnownFileType = sourcecode.swift; path = Point.swift; sourceTree = "<group>"; };
		9B1DE7192C366B41001D25CE /* GameSet.swift */ = {isa = PBXFileReference; lastKnownFileType = sourcecode.swift; path = GameSet.swift; sourceTree = "<group>"; };
		9B1DE71B2C36F168001D25CE /* TeamListView.swift */ = {isa = PBXFileReference; lastKnownFileType = sourcecode.swift; path = TeamListView.swift; sourceTree = "<group>"; };
		9B1DE71D2C36F219001D25CE /* AppView.swift */ = {isa = PBXFileReference; lastKnownFileType = sourcecode.swift; path = AppView.swift; sourceTree = "<group>"; };
		9B1DE7572C376547001D25CE /* NewGameView.swift */ = {isa = PBXFileReference; lastKnownFileType = sourcecode.swift; path = NewGameView.swift; sourceTree = "<group>"; };
		9B1DE7592C37668C001D25CE /* TeamPickerView.swift */ = {isa = PBXFileReference; lastKnownFileType = sourcecode.swift; path = TeamPickerView.swift; sourceTree = "<group>"; };
		9B1DE75B2C3849AE001D25CE /* GameSetListView.swift */ = {isa = PBXFileReference; lastKnownFileType = sourcecode.swift; path = GameSetListView.swift; sourceTree = "<group>"; };
		9B1DE75D2C389AA0001D25CE /* ScoreboardView.swift */ = {isa = PBXFileReference; lastKnownFileType = sourcecode.swift; path = ScoreboardView.swift; sourceTree = "<group>"; };
		9B6472972C3C8A5700D515FC /* DateUtil.swift */ = {isa = PBXFileReference; lastKnownFileType = sourcecode.swift; path = DateUtil.swift; sourceTree = "<group>"; };
		9B64729B2C3D856400D515FC /* Launch Screen.storyboard */ = {isa = PBXFileReference; lastKnownFileType = file.storyboard; path = "Launch Screen.storyboard"; sourceTree = "<group>"; };
		9BD7325D2C3A451B00E1B599 /* PreviewContainer.swift */ = {isa = PBXFileReference; lastKnownFileType = sourcecode.swift; path = PreviewContainer.swift; sourceTree = "<group>"; };
		9BE626D32C36150E00B38BEE /* VolleyScoreboard.app */ = {isa = PBXFileReference; explicitFileType = wrapper.application; includeInIndex = 0; path = VolleyScoreboard.app; sourceTree = BUILT_PRODUCTS_DIR; };
		9BE626D62C36150E00B38BEE /* VolleyScoreboardApp.swift */ = {isa = PBXFileReference; lastKnownFileType = sourcecode.swift; path = VolleyScoreboardApp.swift; sourceTree = "<group>"; };
		9BE626D82C36150E00B38BEE /* GameListView.swift */ = {isa = PBXFileReference; lastKnownFileType = sourcecode.swift; path = GameListView.swift; sourceTree = "<group>"; };
		9BE626DC2C36150F00B38BEE /* Assets.xcassets */ = {isa = PBXFileReference; lastKnownFileType = folder.assetcatalog; path = Assets.xcassets; sourceTree = "<group>"; };
		9BE626DF2C36150F00B38BEE /* Preview Assets.xcassets */ = {isa = PBXFileReference; lastKnownFileType = folder.assetcatalog; path = "Preview Assets.xcassets"; sourceTree = "<group>"; };
		9BE626E52C36150F00B38BEE /* VolleyScoreboardTests.xctest */ = {isa = PBXFileReference; explicitFileType = wrapper.cfbundle; includeInIndex = 0; path = VolleyScoreboardTests.xctest; sourceTree = BUILT_PRODUCTS_DIR; };
		9BE626E92C36150F00B38BEE /* VolleyScoreboardTests.swift */ = {isa = PBXFileReference; lastKnownFileType = sourcecode.swift; path = VolleyScoreboardTests.swift; sourceTree = "<group>"; };
		9BE626EF2C36150F00B38BEE /* VolleyScoreboardUITests.xctest */ = {isa = PBXFileReference; explicitFileType = wrapper.cfbundle; includeInIndex = 0; path = VolleyScoreboardUITests.xctest; sourceTree = BUILT_PRODUCTS_DIR; };
		9BE626F32C36150F00B38BEE /* VolleyScoreboardUITests.swift */ = {isa = PBXFileReference; lastKnownFileType = sourcecode.swift; path = VolleyScoreboardUITests.swift; sourceTree = "<group>"; };
		9BE626F52C36150F00B38BEE /* VolleyScoreboardUITestsLaunchTests.swift */ = {isa = PBXFileReference; lastKnownFileType = sourcecode.swift; path = VolleyScoreboardUITestsLaunchTests.swift; sourceTree = "<group>"; };
/* End PBXFileReference section */

/* Begin PBXFrameworksBuildPhase section */
		9BE626D02C36150E00B38BEE /* Frameworks */ = {
			isa = PBXFrameworksBuildPhase;
			buildActionMask = 2147483647;
			files = (
			);
			runOnlyForDeploymentPostprocessing = 0;
		};
		9BE626E22C36150F00B38BEE /* Frameworks */ = {
			isa = PBXFrameworksBuildPhase;
			buildActionMask = 2147483647;
			files = (
			);
			runOnlyForDeploymentPostprocessing = 0;
		};
		9BE626EC2C36150F00B38BEE /* Frameworks */ = {
			isa = PBXFrameworksBuildPhase;
			buildActionMask = 2147483647;
			files = (
			);
			runOnlyForDeploymentPostprocessing = 0;
		};
/* End PBXFrameworksBuildPhase section */

/* Begin PBXGroup section */
		9BE626CA2C36150E00B38BEE = {
			isa = PBXGroup;
			children = (
				9BE626D52C36150E00B38BEE /* VolleyScoreboard */,
				9BE626E82C36150F00B38BEE /* VolleyScoreboardTests */,
				9BE626F22C36150F00B38BEE /* VolleyScoreboardUITests */,
				9BE626D42C36150E00B38BEE /* Products */,
			);
			sourceTree = "<group>";
		};
		9BE626D42C36150E00B38BEE /* Products */ = {
			isa = PBXGroup;
			children = (
				9BE626D32C36150E00B38BEE /* VolleyScoreboard.app */,
				9BE626E52C36150F00B38BEE /* VolleyScoreboardTests.xctest */,
				9BE626EF2C36150F00B38BEE /* VolleyScoreboardUITests.xctest */,
			);
			name = Products;
			sourceTree = "<group>";
		};
		9BE626D52C36150E00B38BEE /* VolleyScoreboard */ = {
			isa = PBXGroup;
			children = (
				9BE626D62C36150E00B38BEE /* VolleyScoreboardApp.swift */,
				9BE626D82C36150E00B38BEE /* GameListView.swift */,
				9BE626DC2C36150F00B38BEE /* Assets.xcassets */,
				9BE626DE2C36150F00B38BEE /* Preview Content */,
				9B1DE70F2C3661F0001D25CE /* Team.swift */,
				9B1DE7112C366239001D25CE /* Game.swift */,
				9B1DE7132C3662BD001D25CE /* Scoreboard.swift */,
				9B1DE7152C366315001D25CE /* Point.swift */,
				9B1DE7192C366B41001D25CE /* GameSet.swift */,
				9B1DE71B2C36F168001D25CE /* TeamListView.swift */,
				9B1DE71D2C36F219001D25CE /* AppView.swift */,
				9B1DE7572C376547001D25CE /* NewGameView.swift */,
				9B1DE7592C37668C001D25CE /* TeamPickerView.swift */,
				9B1DE75B2C3849AE001D25CE /* GameSetListView.swift */,
				9B1DE75D2C389AA0001D25CE /* ScoreboardView.swift */,
				9BD7325D2C3A451B00E1B599 /* PreviewContainer.swift */,
				9B6472972C3C8A5700D515FC /* DateUtil.swift */,
				9B64729B2C3D856400D515FC /* Launch Screen.storyboard */,
			);
			path = VolleyScoreboard;
			sourceTree = "<group>";
		};
		9BE626DE2C36150F00B38BEE /* Preview Content */ = {
			isa = PBXGroup;
			children = (
				9BE626DF2C36150F00B38BEE /* Preview Assets.xcassets */,
			);
			path = "Preview Content";
			sourceTree = "<group>";
		};
		9BE626E82C36150F00B38BEE /* VolleyScoreboardTests */ = {
			isa = PBXGroup;
			children = (
				9BE626E92C36150F00B38BEE /* VolleyScoreboardTests.swift */,
			);
			path = VolleyScoreboardTests;
			sourceTree = "<group>";
		};
		9BE626F22C36150F00B38BEE /* VolleyScoreboardUITests */ = {
			isa = PBXGroup;
			children = (
				9BE626F32C36150F00B38BEE /* VolleyScoreboardUITests.swift */,
				9BE626F52C36150F00B38BEE /* VolleyScoreboardUITestsLaunchTests.swift */,
			);
			path = VolleyScoreboardUITests;
			sourceTree = "<group>";
		};
/* End PBXGroup section */

/* Begin PBXNativeTarget section */
		9BE626D22C36150E00B38BEE /* VolleyScoreboard */ = {
			isa = PBXNativeTarget;
			buildConfigurationList = 9BE626F92C36150F00B38BEE /* Build configuration list for PBXNativeTarget "VolleyScoreboard" */;
			buildPhases = (
				9BE626CF2C36150E00B38BEE /* Sources */,
				9BE626D02C36150E00B38BEE /* Frameworks */,
				9BE626D12C36150E00B38BEE /* Resources */,
			);
			buildRules = (
			);
			dependencies = (
			);
			name = VolleyScoreboard;
			productName = VolleyScoreboard;
			productReference = 9BE626D32C36150E00B38BEE /* VolleyScoreboard.app */;
			productType = "com.apple.product-type.application";
		};
		9BE626E42C36150F00B38BEE /* VolleyScoreboardTests */ = {
			isa = PBXNativeTarget;
			buildConfigurationList = 9BE626FC2C36150F00B38BEE /* Build configuration list for PBXNativeTarget "VolleyScoreboardTests" */;
			buildPhases = (
				9BE626E12C36150F00B38BEE /* Sources */,
				9BE626E22C36150F00B38BEE /* Frameworks */,
				9BE626E32C36150F00B38BEE /* Resources */,
			);
			buildRules = (
			);
			dependencies = (
				9BE626E72C36150F00B38BEE /* PBXTargetDependency */,
			);
			name = VolleyScoreboardTests;
			productName = VolleyScoreboardTests;
			productReference = 9BE626E52C36150F00B38BEE /* VolleyScoreboardTests.xctest */;
			productType = "com.apple.product-type.bundle.unit-test";
		};
		9BE626EE2C36150F00B38BEE /* VolleyScoreboardUITests */ = {
			isa = PBXNativeTarget;
			buildConfigurationList = 9BE626FF2C36150F00B38BEE /* Build configuration list for PBXNativeTarget "VolleyScoreboardUITests" */;
			buildPhases = (
				9BE626EB2C36150F00B38BEE /* Sources */,
				9BE626EC2C36150F00B38BEE /* Frameworks */,
				9BE626ED2C36150F00B38BEE /* Resources */,
			);
			buildRules = (
			);
			dependencies = (
				9BE626F12C36150F00B38BEE /* PBXTargetDependency */,
			);
			name = VolleyScoreboardUITests;
			productName = VolleyScoreboardUITests;
			productReference = 9BE626EF2C36150F00B38BEE /* VolleyScoreboardUITests.xctest */;
			productType = "com.apple.product-type.bundle.ui-testing";
		};
/* End PBXNativeTarget section */

/* Begin PBXProject section */
		9BE626CB2C36150E00B38BEE /* Project object */ = {
			isa = PBXProject;
			attributes = {
				BuildIndependentTargetsInParallel = 1;
				LastSwiftUpdateCheck = 1540;
				LastUpgradeCheck = 1540;
				TargetAttributes = {
					9BE626D22C36150E00B38BEE = {
						CreatedOnToolsVersion = 15.4;
					};
					9BE626E42C36150F00B38BEE = {
						CreatedOnToolsVersion = 15.4;
						TestTargetID = 9BE626D22C36150E00B38BEE;
					};
					9BE626EE2C36150F00B38BEE = {
						CreatedOnToolsVersion = 15.4;
						TestTargetID = 9BE626D22C36150E00B38BEE;
					};
				};
			};
			buildConfigurationList = 9BE626CE2C36150E00B38BEE /* Build configuration list for PBXProject "VolleyScoreboard" */;
			compatibilityVersion = "Xcode 14.0";
			developmentRegion = "pt-BR";
			hasScannedForEncodings = 0;
			knownRegions = (
				Base,
				"pt-BR",
			);
			mainGroup = 9BE626CA2C36150E00B38BEE;
			productRefGroup = 9BE626D42C36150E00B38BEE /* Products */;
			projectDirPath = "";
			projectRoot = "";
			targets = (
				9BE626D22C36150E00B38BEE /* VolleyScoreboard */,
				9BE626E42C36150F00B38BEE /* VolleyScoreboardTests */,
				9BE626EE2C36150F00B38BEE /* VolleyScoreboardUITests */,
			);
		};
/* End PBXProject section */

/* Begin PBXResourcesBuildPhase section */
		9BE626D12C36150E00B38BEE /* Resources */ = {
			isa = PBXResourcesBuildPhase;
			buildActionMask = 2147483647;
			files = (
				9B64729C2C3D856400D515FC /* Launch Screen.storyboard in Resources */,
				9BE626E02C36150F00B38BEE /* Preview Assets.xcassets in Resources */,
				9BE626DD2C36150F00B38BEE /* Assets.xcassets in Resources */,
			);
			runOnlyForDeploymentPostprocessing = 0;
		};
		9BE626E32C36150F00B38BEE /* Resources */ = {
			isa = PBXResourcesBuildPhase;
			buildActionMask = 2147483647;
			files = (
			);
			runOnlyForDeploymentPostprocessing = 0;
		};
		9BE626ED2C36150F00B38BEE /* Resources */ = {
			isa = PBXResourcesBuildPhase;
			buildActionMask = 2147483647;
			files = (
			);
			runOnlyForDeploymentPostprocessing = 0;
		};
/* End PBXResourcesBuildPhase section */

/* Begin PBXSourcesBuildPhase section */
		9BE626CF2C36150E00B38BEE /* Sources */ = {
			isa = PBXSourcesBuildPhase;
			buildActionMask = 2147483647;
			files = (
				9B1DE71A2C366B41001D25CE /* GameSet.swift in Sources */,
				9B1DE75C2C3849AE001D25CE /* GameSetListView.swift in Sources */,
				9B1DE7102C3661F0001D25CE /* Team.swift in Sources */,
				9B1DE7122C366239001D25CE /* Game.swift in Sources */,
				9B1DE75A2C37668C001D25CE /* TeamPickerView.swift in Sources */,
				9BE626D92C36150E00B38BEE /* GameListView.swift in Sources */,
				9B6472982C3C8A5700D515FC /* DateUtil.swift in Sources */,
				9B1DE7142C3662BD001D25CE /* Scoreboard.swift in Sources */,
				9B1DE7162C366315001D25CE /* Point.swift in Sources */,
				9BE626D72C36150E00B38BEE /* VolleyScoreboardApp.swift in Sources */,
				9B1DE7582C376547001D25CE /* NewGameView.swift in Sources */,
				9B1DE71E2C36F219001D25CE /* AppView.swift in Sources */,
				9B1DE75E2C389AA0001D25CE /* ScoreboardView.swift in Sources */,
				9BD7325E2C3A451B00E1B599 /* PreviewContainer.swift in Sources */,
				9B1DE71C2C36F168001D25CE /* TeamListView.swift in Sources */,
			);
			runOnlyForDeploymentPostprocessing = 0;
		};
		9BE626E12C36150F00B38BEE /* Sources */ = {
			isa = PBXSourcesBuildPhase;
			buildActionMask = 2147483647;
			files = (
				9BE626EA2C36150F00B38BEE /* VolleyScoreboardTests.swift in Sources */,
			);
			runOnlyForDeploymentPostprocessing = 0;
		};
		9BE626EB2C36150F00B38BEE /* Sources */ = {
			isa = PBXSourcesBuildPhase;
			buildActionMask = 2147483647;
			files = (
				9BE626F42C36150F00B38BEE /* VolleyScoreboardUITests.swift in Sources */,
				9BE626F62C36150F00B38BEE /* VolleyScoreboardUITestsLaunchTests.swift in Sources */,
			);
			runOnlyForDeploymentPostprocessing = 0;
		};
/* End PBXSourcesBuildPhase section */

/* Begin PBXTargetDependency section */
		9BE626E72C36150F00B38BEE /* PBXTargetDependency */ = {
			isa = PBXTargetDependency;
			target = 9BE626D22C36150E00B38BEE /* VolleyScoreboard */;
			targetProxy = 9BE626E62C36150F00B38BEE /* PBXContainerItemProxy */;
		};
		9BE626F12C36150F00B38BEE /* PBXTargetDependency */ = {
			isa = PBXTargetDependency;
			target = 9BE626D22C36150E00B38BEE /* VolleyScoreboard */;
			targetProxy = 9BE626F02C36150F00B38BEE /* PBXContainerItemProxy */;
		};
/* End PBXTargetDependency section */

/* Begin XCBuildConfiguration section */
		9BE626F72C36150F00B38BEE /* Debug */ = {
			isa = XCBuildConfiguration;
			buildSettings = {
				ALWAYS_SEARCH_USER_PATHS = NO;
				ASSETCATALOG_COMPILER_GENERATE_SWIFT_ASSET_SYMBOL_EXTENSIONS = YES;
				CLANG_ANALYZER_NONNULL = YES;
				CLANG_ANALYZER_NUMBER_OBJECT_CONVERSION = YES_AGGRESSIVE;
				CLANG_CXX_LANGUAGE_STANDARD = "gnu++20";
				CLANG_ENABLE_MODULES = YES;
				CLANG_ENABLE_OBJC_ARC = YES;
				CLANG_ENABLE_OBJC_WEAK = YES;
				CLANG_WARN_BLOCK_CAPTURE_AUTORELEASING = YES;
				CLANG_WARN_BOOL_CONVERSION = YES;
				CLANG_WARN_COMMA = YES;
				CLANG_WARN_CONSTANT_CONVERSION = YES;
				CLANG_WARN_DEPRECATED_OBJC_IMPLEMENTATIONS = YES;
				CLANG_WARN_DIRECT_OBJC_ISA_USAGE = YES_ERROR;
				CLANG_WARN_DOCUMENTATION_COMMENTS = YES;
				CLANG_WARN_EMPTY_BODY = YES;
				CLANG_WARN_ENUM_CONVERSION = YES;
				CLANG_WARN_INFINITE_RECURSION = YES;
				CLANG_WARN_INT_CONVERSION = YES;
				CLANG_WARN_NON_LITERAL_NULL_CONVERSION = YES;
				CLANG_WARN_OBJC_IMPLICIT_RETAIN_SELF = YES;
				CLANG_WARN_OBJC_LITERAL_CONVERSION = YES;
				CLANG_WARN_OBJC_ROOT_CLASS = YES_ERROR;
				CLANG_WARN_QUOTED_INCLUDE_IN_FRAMEWORK_HEADER = YES;
				CLANG_WARN_RANGE_LOOP_ANALYSIS = YES;
				CLANG_WARN_STRICT_PROTOTYPES = YES;
				CLANG_WARN_SUSPICIOUS_MOVE = YES;
				CLANG_WARN_UNGUARDED_AVAILABILITY = YES_AGGRESSIVE;
				CLANG_WARN_UNREACHABLE_CODE = YES;
				CLANG_WARN__DUPLICATE_METHOD_MATCH = YES;
				COPY_PHASE_STRIP = NO;
				DEBUG_INFORMATION_FORMAT = dwarf;
				ENABLE_STRICT_OBJC_MSGSEND = YES;
				ENABLE_TESTABILITY = YES;
				ENABLE_USER_SCRIPT_SANDBOXING = YES;
				GCC_C_LANGUAGE_STANDARD = gnu17;
				GCC_DYNAMIC_NO_PIC = NO;
				GCC_NO_COMMON_BLOCKS = YES;
				GCC_OPTIMIZATION_LEVEL = 0;
				GCC_PREPROCESSOR_DEFINITIONS = (
					"DEBUG=1",
					"$(inherited)",
				);
				GCC_WARN_64_TO_32_BIT_CONVERSION = YES;
				GCC_WARN_ABOUT_RETURN_TYPE = YES_ERROR;
				GCC_WARN_UNDECLARED_SELECTOR = YES;
				GCC_WARN_UNINITIALIZED_AUTOS = YES_AGGRESSIVE;
				GCC_WARN_UNUSED_FUNCTION = YES;
				GCC_WARN_UNUSED_VARIABLE = YES;
				IPHONEOS_DEPLOYMENT_TARGET = 17.5;
				LOCALIZATION_PREFERS_STRING_CATALOGS = YES;
				MTL_ENABLE_DEBUG_INFO = INCLUDE_SOURCE;
				MTL_FAST_MATH = YES;
				ONLY_ACTIVE_ARCH = YES;
				SDKROOT = iphoneos;
				SWIFT_ACTIVE_COMPILATION_CONDITIONS = "DEBUG $(inherited)";
				SWIFT_OPTIMIZATION_LEVEL = "-Onone";
			};
			name = Debug;
		};
		9BE626F82C36150F00B38BEE /* Release */ = {
			isa = XCBuildConfiguration;
			buildSettings = {
				ALWAYS_SEARCH_USER_PATHS = NO;
				ASSETCATALOG_COMPILER_GENERATE_SWIFT_ASSET_SYMBOL_EXTENSIONS = YES;
				CLANG_ANALYZER_NONNULL = YES;
				CLANG_ANALYZER_NUMBER_OBJECT_CONVERSION = YES_AGGRESSIVE;
				CLANG_CXX_LANGUAGE_STANDARD = "gnu++20";
				CLANG_ENABLE_MODULES = YES;
				CLANG_ENABLE_OBJC_ARC = YES;
				CLANG_ENABLE_OBJC_WEAK = YES;
				CLANG_WARN_BLOCK_CAPTURE_AUTORELEASING = YES;
				CLANG_WARN_BOOL_CONVERSION = YES;
				CLANG_WARN_COMMA = YES;
				CLANG_WARN_CONSTANT_CONVERSION = YES;
				CLANG_WARN_DEPRECATED_OBJC_IMPLEMENTATIONS = YES;
				CLANG_WARN_DIRECT_OBJC_ISA_USAGE = YES_ERROR;
				CLANG_WARN_DOCUMENTATION_COMMENTS = YES;
				CLANG_WARN_EMPTY_BODY = YES;
				CLANG_WARN_ENUM_CONVERSION = YES;
				CLANG_WARN_INFINITE_RECURSION = YES;
				CLANG_WARN_INT_CONVERSION = YES;
				CLANG_WARN_NON_LITERAL_NULL_CONVERSION = YES;
				CLANG_WARN_OBJC_IMPLICIT_RETAIN_SELF = YES;
				CLANG_WARN_OBJC_LITERAL_CONVERSION = YES;
				CLANG_WARN_OBJC_ROOT_CLASS = YES_ERROR;
				CLANG_WARN_QUOTED_INCLUDE_IN_FRAMEWORK_HEADER = YES;
				CLANG_WARN_RANGE_LOOP_ANALYSIS = YES;
				CLANG_WARN_STRICT_PROTOTYPES = YES;
				CLANG_WARN_SUSPICIOUS_MOVE = YES;
				CLANG_WARN_UNGUARDED_AVAILABILITY = YES_AGGRESSIVE;
				CLANG_WARN_UNREACHABLE_CODE = YES;
				CLANG_WARN__DUPLICATE_METHOD_MATCH = YES;
				COPY_PHASE_STRIP = NO;
				DEBUG_INFORMATION_FORMAT = "dwarf-with-dsym";
				ENABLE_NS_ASSERTIONS = NO;
				ENABLE_STRICT_OBJC_MSGSEND = YES;
				ENABLE_USER_SCRIPT_SANDBOXING = YES;
				GCC_C_LANGUAGE_STANDARD = gnu17;
				GCC_NO_COMMON_BLOCKS = YES;
				GCC_WARN_64_TO_32_BIT_CONVERSION = YES;
				GCC_WARN_ABOUT_RETURN_TYPE = YES_ERROR;
				GCC_WARN_UNDECLARED_SELECTOR = YES;
				GCC_WARN_UNINITIALIZED_AUTOS = YES_AGGRESSIVE;
				GCC_WARN_UNUSED_FUNCTION = YES;
				GCC_WARN_UNUSED_VARIABLE = YES;
				IPHONEOS_DEPLOYMENT_TARGET = 17.5;
				LOCALIZATION_PREFERS_STRING_CATALOGS = YES;
				MTL_ENABLE_DEBUG_INFO = NO;
				MTL_FAST_MATH = YES;
				SDKROOT = iphoneos;
				SWIFT_COMPILATION_MODE = wholemodule;
				VALIDATE_PRODUCT = YES;
			};
			name = Release;
		};
		9BE626FA2C36150F00B38BEE /* Debug */ = {
			isa = XCBuildConfiguration;
			buildSettings = {
				ASSETCATALOG_COMPILER_APPICON_NAME = AppIcon;
				ASSETCATALOG_COMPILER_GLOBAL_ACCENT_COLOR_NAME = AccentColor;
				CODE_SIGN_IDENTITY = "Apple Development";
				CODE_SIGN_STYLE = Automatic;
				CURRENT_PROJECT_VERSION = 1;
				DEVELOPMENT_ASSET_PATHS = "\"VolleyScoreboard/Preview Content\"";
				DEVELOPMENT_TEAM = PPW5E75Z6J;
				ENABLE_PREVIEWS = YES;
				GENERATE_INFOPLIST_FILE = YES;
				INFOPLIST_KEY_CFBundleDisplayName = "Placar de Volêi";
				INFOPLIST_KEY_LSApplicationCategoryType = "public.app-category.sports";
				INFOPLIST_KEY_UIApplicationSceneManifest_Generation = YES;
				INFOPLIST_KEY_UIApplicationSupportsIndirectInputEvents = YES;
				INFOPLIST_KEY_UILaunchScreen_Generation = YES;
				INFOPLIST_KEY_UILaunchStoryboardName = "Launch Screen.storyboard";
				INFOPLIST_KEY_UISupportedInterfaceOrientations_iPad = "UIInterfaceOrientationPortrait UIInterfaceOrientationPortraitUpsideDown UIInterfaceOrientationLandscapeLeft UIInterfaceOrientationLandscapeRight";
				INFOPLIST_KEY_UISupportedInterfaceOrientations_iPhone = "UIInterfaceOrientationPortrait UIInterfaceOrientationLandscapeLeft UIInterfaceOrientationLandscapeRight";
				LD_RUNPATH_SEARCH_PATHS = (
					"$(inherited)",
					"@executable_path/Frameworks",
				);
				MARKETING_VERSION = 1.0;
				PRODUCT_BUNDLE_IDENTIFIER = com.4DevsO.VolleyScoreboard;
				PRODUCT_NAME = "$(TARGET_NAME)";
				PROVISIONING_PROFILE_SPECIFIER = "";
				SWIFT_EMIT_LOC_STRINGS = YES;
				SWIFT_VERSION = 5.0;
				TARGETED_DEVICE_FAMILY = "1,2";
			};
			name = Debug;
		};
		9BE626FB2C36150F00B38BEE /* Release */ = {
			isa = XCBuildConfiguration;
			buildSettings = {
				ASSETCATALOG_COMPILER_APPICON_NAME = AppIcon;
				ASSETCATALOG_COMPILER_GLOBAL_ACCENT_COLOR_NAME = AccentColor;
				CODE_SIGN_IDENTITY = "Apple Development";
				CODE_SIGN_STYLE = Automatic;
				CURRENT_PROJECT_VERSION = 1;
				DEVELOPMENT_ASSET_PATHS = "\"VolleyScoreboard/Preview Content\"";
				DEVELOPMENT_TEAM = PPW5E75Z6J;
				ENABLE_PREVIEWS = YES;
				GENERATE_INFOPLIST_FILE = YES;
				INFOPLIST_KEY_CFBundleDisplayName = "Placar de Volêi";
				INFOPLIST_KEY_LSApplicationCategoryType = "public.app-category.sports";
				INFOPLIST_KEY_UIApplicationSceneManifest_Generation = YES;
				INFOPLIST_KEY_UIApplicationSupportsIndirectInputEvents = YES;
				INFOPLIST_KEY_UILaunchScreen_Generation = YES;
				INFOPLIST_KEY_UILaunchStoryboardName = "Launch Screen.storyboard";
				INFOPLIST_KEY_UISupportedInterfaceOrientations_iPad = "UIInterfaceOrientationPortrait UIInterfaceOrientationPortraitUpsideDown UIInterfaceOrientationLandscapeLeft UIInterfaceOrientationLandscapeRight";
				INFOPLIST_KEY_UISupportedInterfaceOrientations_iPhone = "UIInterfaceOrientationPortrait UIInterfaceOrientationLandscapeLeft UIInterfaceOrientationLandscapeRight";
				LD_RUNPATH_SEARCH_PATHS = (
					"$(inherited)",
					"@executable_path/Frameworks",
				);
				MARKETING_VERSION = 1.0;
				PRODUCT_BUNDLE_IDENTIFIER = com.4DevsO.VolleyScoreboard;
				PRODUCT_NAME = "$(TARGET_NAME)";
				PROVISIONING_PROFILE_SPECIFIER = "";
				SWIFT_EMIT_LOC_STRINGS = YES;
				SWIFT_VERSION = 5.0;
				TARGETED_DEVICE_FAMILY = "1,2";
			};
			name = Release;
		};
		9BE626FD2C36150F00B38BEE /* Debug */ = {
			isa = XCBuildConfiguration;
			buildSettings = {
				ALWAYS_EMBED_SWIFT_STANDARD_LIBRARIES = YES;
				BUNDLE_LOADER = "$(TEST_HOST)";
				CODE_SIGN_STYLE = Automatic;
				CURRENT_PROJECT_VERSION = 1;
				DEVELOPMENT_TEAM = PPW5E75Z6J;
				GENERATE_INFOPLIST_FILE = YES;
				IPHONEOS_DEPLOYMENT_TARGET = 17.5;
				MARKETING_VERSION = 1.0;
				PRODUCT_BUNDLE_IDENTIFIER = com.4DevsO.VolleyScoreboardTests;
				PRODUCT_NAME = "$(TARGET_NAME)";
				SWIFT_EMIT_LOC_STRINGS = NO;
				SWIFT_VERSION = 5.0;
				TARGETED_DEVICE_FAMILY = "1,2";
				TEST_HOST = "$(BUILT_PRODUCTS_DIR)/VolleyScoreboard.app/$(BUNDLE_EXECUTABLE_FOLDER_PATH)/VolleyScoreboard";
			};
			name = Debug;
		};
		9BE626FE2C36150F00B38BEE /* Release */ = {
			isa = XCBuildConfiguration;
			buildSettings = {
				ALWAYS_EMBED_SWIFT_STANDARD_LIBRARIES = YES;
				BUNDLE_LOADER = "$(TEST_HOST)";
				CODE_SIGN_STYLE = Automatic;
				CURRENT_PROJECT_VERSION = 1;
				DEVELOPMENT_TEAM = PPW5E75Z6J;
				GENERATE_INFOPLIST_FILE = YES;
				IPHONEOS_DEPLOYMENT_TARGET = 17.5;
				MARKETING_VERSION = 1.0;
				PRODUCT_BUNDLE_IDENTIFIER = com.4DevsO.VolleyScoreboardTests;
				PRODUCT_NAME = "$(TARGET_NAME)";
				SWIFT_EMIT_LOC_STRINGS = NO;
				SWIFT_VERSION = 5.0;
				TARGETED_DEVICE_FAMILY = "1,2";
				TEST_HOST = "$(BUILT_PRODUCTS_DIR)/VolleyScoreboard.app/$(BUNDLE_EXECUTABLE_FOLDER_PATH)/VolleyScoreboard";
			};
			name = Release;
		};
		9BE627002C36150F00B38BEE /* Debug */ = {
			isa = XCBuildConfiguration;
			buildSettings = {
				ALWAYS_EMBED_SWIFT_STANDARD_LIBRARIES = YES;
				CODE_SIGN_STYLE = Automatic;
				CURRENT_PROJECT_VERSION = 1;
				DEVELOPMENT_TEAM = PPW5E75Z6J;
				GENERATE_INFOPLIST_FILE = YES;
				MARKETING_VERSION = 1.0;
				PRODUCT_BUNDLE_IDENTIFIER = com.4DevsO.VolleyScoreboardUITests;
				PRODUCT_NAME = "$(TARGET_NAME)";
				SWIFT_EMIT_LOC_STRINGS = NO;
				SWIFT_VERSION = 5.0;
				TARGETED_DEVICE_FAMILY = "1,2";
				TEST_TARGET_NAME = VolleyScoreboard;
			};
			name = Debug;
		};
		9BE627012C36150F00B38BEE /* Release */ = {
			isa = XCBuildConfiguration;
			buildSettings = {
				ALWAYS_EMBED_SWIFT_STANDARD_LIBRARIES = YES;
				CODE_SIGN_STYLE = Automatic;
				CURRENT_PROJECT_VERSION = 1;
				DEVELOPMENT_TEAM = PPW5E75Z6J;
				GENERATE_INFOPLIST_FILE = YES;
				MARKETING_VERSION = 1.0;
				PRODUCT_BUNDLE_IDENTIFIER = com.4DevsO.VolleyScoreboardUITests;
				PRODUCT_NAME = "$(TARGET_NAME)";
				SWIFT_EMIT_LOC_STRINGS = NO;
				SWIFT_VERSION = 5.0;
				TARGETED_DEVICE_FAMILY = "1,2";
				TEST_TARGET_NAME = VolleyScoreboard;
			};
			name = Release;
		};
/* End XCBuildConfiguration section */

/* Begin XCConfigurationList section */
		9BE626CE2C36150E00B38BEE /* Build configuration list for PBXProject "VolleyScoreboard" */ = {
			isa = XCConfigurationList;
			buildConfigurations = (
				9BE626F72C36150F00B38BEE /* Debug */,
				9BE626F82C36150F00B38BEE /* Release */,
			);
			defaultConfigurationIsVisible = 0;
			defaultConfigurationName = Release;
		};
		9BE626F92C36150F00B38BEE /* Build configuration list for PBXNativeTarget "VolleyScoreboard" */ = {
			isa = XCConfigurationList;
			buildConfigurations = (
				9BE626FA2C36150F00B38BEE /* Debug */,
				9BE626FB2C36150F00B38BEE /* Release */,
			);
			defaultConfigurationIsVisible = 0;
			defaultConfigurationName = Release;
		};
		9BE626FC2C36150F00B38BEE /* Build configuration list for PBXNativeTarget "VolleyScoreboardTests" */ = {
			isa = XCConfigurationList;
			buildConfigurations = (
				9BE626FD2C36150F00B38BEE /* Debug */,
				9BE626FE2C36150F00B38BEE /* Release */,
			);
			defaultConfigurationIsVisible = 0;
			defaultConfigurationName = Release;
		};
		9BE626FF2C36150F00B38BEE /* Build configuration list for PBXNativeTarget "VolleyScoreboardUITests" */ = {
			isa = XCConfigurationList;
			buildConfigurations = (
				9BE627002C36150F00B38BEE /* Debug */,
				9BE627012C36150F00B38BEE /* Release */,
			);
			defaultConfigurationIsVisible = 0;
			defaultConfigurationName = Release;
		};
/* End XCConfigurationList section */
	};
	rootObject = 9BE626CB2C36150E00B38BEE /* Project object */;
}
