// !$*UTF8*$!
{
	archiveVersion = 1;
	classes = {
	};
	objectVersion = 56;
	objects = {

/* Begin PBXBuildFile section */
		9B01A2842C4089F2002CE40B /* ViewExtensions.swift in Sources */ = {isa = PBXBuildFile; fileRef = 9B01A2832C4089F2002CE40B /* ViewExtensions.swift */; };
		9B01A2862C408A22002CE40B /* UIScreenExtensions.swift in Sources */ = {isa = PBXBuildFile; fileRef = 9B01A2852C408A22002CE40B /* UIScreenExtensions.swift */; };
		9B01A2882C4095AC002CE40B /* GameSetListItemView.swift in Sources */ = {isa = PBXBuildFile; fileRef = 9B01A2872C4095AC002CE40B /* GameSetListItemView.swift */; };
		9B01A28D2C40D31E002CE40B /* TeamListItemView.swift in Sources */ = {isa = PBXBuildFile; fileRef = 9B01A28C2C40D31E002CE40B /* TeamListItemView.swift */; };
		9B1160002C44A8D400525682 /* WidgetKit.framework in Frameworks */ = {isa = PBXBuildFile; fileRef = 9B982AF32C435C1500E63B43 /* WidgetKit.framework */; };
		9B1160012C44A8D400525682 /* SwiftUI.framework in Frameworks */ = {isa = PBXBuildFile; fileRef = 9B982AF52C435C1500E63B43 /* SwiftUI.framework */; };
		9B1160042C44A8D400525682 /* VolleyScoreboardWatchWidget.swift in Sources */ = {isa = PBXBuildFile; fileRef = 9B1160032C44A8D400525682 /* VolleyScoreboardWatchWidget.swift */; };
		9B1160062C44A8D500525682 /* Assets.xcassets in Resources */ = {isa = PBXBuildFile; fileRef = 9B1160052C44A8D500525682 /* Assets.xcassets */; };
		9B11600A2C44A8D500525682 /* VolleyScoreboardWatchWidgetExtension.appex in Embed Foundation Extensions */ = {isa = PBXBuildFile; fileRef = 9B115FFF2C44A8D400525682 /* VolleyScoreboardWatchWidgetExtension.appex */; settings = {ATTRIBUTES = (RemoveHeadersOnCopy, ); }; };
		9B11600F2C44A94800525682 /* ScoreboardStatus.swift in Sources */ = {isa = PBXBuildFile; fileRef = 9B982B982C44842000E63B43 /* ScoreboardStatus.swift */; };
		9B1DE7102C3661F0001D25CE /* Team.swift in Sources */ = {isa = PBXBuildFile; fileRef = 9B1DE70F2C3661F0001D25CE /* Team.swift */; };
		9B1DE7122C366239001D25CE /* Game.swift in Sources */ = {isa = PBXBuildFile; fileRef = 9B1DE7112C366239001D25CE /* Game.swift */; };
		9B1DE7142C3662BD001D25CE /* Scoreboard.swift in Sources */ = {isa = PBXBuildFile; fileRef = 9B1DE7132C3662BD001D25CE /* Scoreboard.swift */; };
		9B1DE7162C366315001D25CE /* Point.swift in Sources */ = {isa = PBXBuildFile; fileRef = 9B1DE7152C366315001D25CE /* Point.swift */; };
		9B1DE71A2C366B41001D25CE /* GameSet.swift in Sources */ = {isa = PBXBuildFile; fileRef = 9B1DE7192C366B41001D25CE /* GameSet.swift */; };
		9B1DE71C2C36F168001D25CE /* TeamListView.swift in Sources */ = {isa = PBXBuildFile; fileRef = 9B1DE71B2C36F168001D25CE /* TeamListView.swift */; };
		9B1DE71E2C36F219001D25CE /* AppView.swift in Sources */ = {isa = PBXBuildFile; fileRef = 9B1DE71D2C36F219001D25CE /* AppView.swift */; };
		9B1DE7582C376547001D25CE /* NewGameView.swift in Sources */ = {isa = PBXBuildFile; fileRef = 9B1DE7572C376547001D25CE /* NewGameView.swift */; };
		9B1DE75A2C37668C001D25CE /* TeamPickerView.swift in Sources */ = {isa = PBXBuildFile; fileRef = 9B1DE7592C37668C001D25CE /* TeamPickerView.swift */; };
		9B1DE75C2C3849AE001D25CE /* GameSetListView.swift in Sources */ = {isa = PBXBuildFile; fileRef = 9B1DE75B2C3849AE001D25CE /* GameSetListView.swift */; };
		9B1DE75E2C389AA0001D25CE /* ScoreboardView.swift in Sources */ = {isa = PBXBuildFile; fileRef = 9B1DE75D2C389AA0001D25CE /* ScoreboardView.swift */; };
		9B2751262C3F49F5007C759D /* ScoreView.swift in Sources */ = {isa = PBXBuildFile; fileRef = 9B2751252C3F49F5007C759D /* ScoreView.swift */; };
		9B2751282C3F4F00007C759D /* GameListItemView.swift in Sources */ = {isa = PBXBuildFile; fileRef = 9B2751272C3F4F00007C759D /* GameListItemView.swift */; };
		9B6472982C3C8A5700D515FC /* DateExtensions.swift in Sources */ = {isa = PBXBuildFile; fileRef = 9B6472972C3C8A5700D515FC /* DateExtensions.swift */; };
		9B64729C2C3D856400D515FC /* Launch Screen.storyboard in Resources */ = {isa = PBXBuildFile; fileRef = 9B64729B2C3D856400D515FC /* Launch Screen.storyboard */; };
		9B982AEC2C4341DB00E63B43 /* DateSeparatorView.swift in Sources */ = {isa = PBXBuildFile; fileRef = 9B982AEB2C4341DB00E63B43 /* DateSeparatorView.swift */; };
		9B982B0E2C43608600E63B43 /* WidgetKit.framework in Frameworks */ = {isa = PBXBuildFile; fileRef = 9B982AF32C435C1500E63B43 /* WidgetKit.framework */; };
		9B982B0F2C43608600E63B43 /* SwiftUI.framework in Frameworks */ = {isa = PBXBuildFile; fileRef = 9B982AF52C435C1500E63B43 /* SwiftUI.framework */; };
		9B982B142C43608600E63B43 /* VolleyScoreboardWidgetExtensionLiveActivity.swift in Sources */ = {isa = PBXBuildFile; fileRef = 9B982B132C43608600E63B43 /* VolleyScoreboardWidgetExtensionLiveActivity.swift */; };
		9B982B1A2C43608700E63B43 /* Assets.xcassets in Resources */ = {isa = PBXBuildFile; fileRef = 9B982B192C43608700E63B43 /* Assets.xcassets */; };
		9B982B1E2C43608700E63B43 /* VolleyScoreboardWidgetExtensionExtension.appex in Embed Foundation Extensions */ = {isa = PBXBuildFile; fileRef = 9B982B0D2C43608600E63B43 /* VolleyScoreboardWidgetExtensionExtension.appex */; settings = {ATTRIBUTES = (RemoveHeadersOnCopy, ); }; };
		9B982B2B2C43634F00E63B43 /* ScoreboardContext.swift in Sources */ = {isa = PBXBuildFile; fileRef = 9B982B2A2C43634F00E63B43 /* ScoreboardContext.swift */; };
		9B982B2E2C43639500E63B43 /* ScoreboardLiveActivityView.swift in Sources */ = {isa = PBXBuildFile; fileRef = 9B982B2D2C43639500E63B43 /* ScoreboardLiveActivityView.swift */; };
		9B982B302C4365BD00E63B43 /* VolleyScoreboardWidgetExtension.swift in Sources */ = {isa = PBXBuildFile; fileRef = 9B982B2F2C4365BD00E63B43 /* VolleyScoreboardWidgetExtension.swift */; };
		9B982B332C43681200E63B43 /* LiveActivityManager.swift in Sources */ = {isa = PBXBuildFile; fileRef = 9B982B322C43681200E63B43 /* LiveActivityManager.swift */; };
		9B982B342C43686700E63B43 /* ScoreboardContext.swift in Sources */ = {isa = PBXBuildFile; fileRef = 9B982B2A2C43634F00E63B43 /* ScoreboardContext.swift */; };
		9B982B862C447BB900E63B43 /* VolleyScoreboardWatchApp.swift in Sources */ = {isa = PBXBuildFile; fileRef = 9B982B852C447BB900E63B43 /* VolleyScoreboardWatchApp.swift */; };
		9B982B882C447BB900E63B43 /* ContentView.swift in Sources */ = {isa = PBXBuildFile; fileRef = 9B982B872C447BB900E63B43 /* ContentView.swift */; };
		9B982B8A2C447BBA00E63B43 /* Assets.xcassets in Resources */ = {isa = PBXBuildFile; fileRef = 9B982B892C447BBA00E63B43 /* Assets.xcassets */; };
		9B982B8D2C447BBA00E63B43 /* Preview Assets.xcassets in Resources */ = {isa = PBXBuildFile; fileRef = 9B982B8C2C447BBA00E63B43 /* Preview Assets.xcassets */; };
		9B982B902C447BBA00E63B43 /* VolleyScoreboardWatch Watch App.app in Embed Watch Content */ = {isa = PBXBuildFile; fileRef = 9B982B832C447BB900E63B43 /* VolleyScoreboardWatch Watch App.app */; settings = {ATTRIBUTES = (RemoveHeadersOnCopy, ); }; };
		9B982B952C447F3D00E63B43 /* WatchConnectivityManager.swift in Sources */ = {isa = PBXBuildFile; fileRef = 9B982B942C447F3D00E63B43 /* WatchConnectivityManager.swift */; };
		9B982B992C44842000E63B43 /* ScoreboardStatus.swift in Sources */ = {isa = PBXBuildFile; fileRef = 9B982B982C44842000E63B43 /* ScoreboardStatus.swift */; };
		9B982B9A2C44842000E63B43 /* ScoreboardStatus.swift in Sources */ = {isa = PBXBuildFile; fileRef = 9B982B982C44842000E63B43 /* ScoreboardStatus.swift */; };
		9B982BA02C44848600E63B43 /* WatchConnectivityManager.swift in Sources */ = {isa = PBXBuildFile; fileRef = 9B982B9F2C44848600E63B43 /* WatchConnectivityManager.swift */; };
		9BD7325E2C3A451B00E1B599 /* PreviewContainer.swift in Sources */ = {isa = PBXBuildFile; fileRef = 9BD7325D2C3A451B00E1B599 /* PreviewContainer.swift */; };
		9BDB44F32C8795280072B9A4 /* EnvironmentValuesExtensions.swift in Sources */ = {isa = PBXBuildFile; fileRef = 9BDB44F22C8795280072B9A4 /* EnvironmentValuesExtensions.swift */; };
		9BE626D72C36150E00B38BEE /* VolleyScoreboardApp.swift in Sources */ = {isa = PBXBuildFile; fileRef = 9BE626D62C36150E00B38BEE /* VolleyScoreboardApp.swift */; };
		9BE626D92C36150E00B38BEE /* GameListView.swift in Sources */ = {isa = PBXBuildFile; fileRef = 9BE626D82C36150E00B38BEE /* GameListView.swift */; };
		9BE626DD2C36150F00B38BEE /* Assets.xcassets in Resources */ = {isa = PBXBuildFile; fileRef = 9BE626DC2C36150F00B38BEE /* Assets.xcassets */; };
		9BE626E02C36150F00B38BEE /* Preview Assets.xcassets in Resources */ = {isa = PBXBuildFile; fileRef = 9BE626DF2C36150F00B38BEE /* Preview Assets.xcassets */; };
/* End PBXBuildFile section */

/* Begin PBXContainerItemProxy section */
		9B1160082C44A8D500525682 /* PBXContainerItemProxy */ = {
			isa = PBXContainerItemProxy;
			containerPortal = 9BE626CB2C36150E00B38BEE /* Project object */;
			proxyType = 1;
			remoteGlobalIDString = 9B115FFE2C44A8D400525682;
			remoteInfo = VolleyScoreboardWatchWidgetExtension;
		};
		9B50CB3B2C44A68000650B11 /* PBXContainerItemProxy */ = {
			isa = PBXContainerItemProxy;
			containerPortal = 9BE626CB2C36150E00B38BEE /* Project object */;
			proxyType = 1;
			remoteGlobalIDString = 9B982B822C447BB900E63B43;
			remoteInfo = "VolleyScoreboardWatch Watch App";
		};
		9B982B1C2C43608700E63B43 /* PBXContainerItemProxy */ = {
			isa = PBXContainerItemProxy;
			containerPortal = 9BE626CB2C36150E00B38BEE /* Project object */;
			proxyType = 1;
			remoteGlobalIDString = 9B982B0C2C43608600E63B43;
			remoteInfo = VolleyScoreboardWidgetExtensionExtension;
		};
/* End PBXContainerItemProxy section */

/* Begin PBXCopyFilesBuildPhase section */
		9B11600B2C44A8D500525682 /* Embed Foundation Extensions */ = {
			isa = PBXCopyFilesBuildPhase;
			buildActionMask = 2147483647;
			dstPath = "";
			dstSubfolderSpec = 13;
			files = (
				9B11600A2C44A8D500525682 /* VolleyScoreboardWatchWidgetExtension.appex in Embed Foundation Extensions */,
			);
			name = "Embed Foundation Extensions";
			runOnlyForDeploymentPostprocessing = 0;
		};
		9B982B222C43608700E63B43 /* Embed Foundation Extensions */ = {
			isa = PBXCopyFilesBuildPhase;
			buildActionMask = 2147483647;
			dstPath = "";
			dstSubfolderSpec = 13;
			files = (
				9B982B1E2C43608700E63B43 /* VolleyScoreboardWidgetExtensionExtension.appex in Embed Foundation Extensions */,
			);
			name = "Embed Foundation Extensions";
			runOnlyForDeploymentPostprocessing = 0;
		};
		9BE368BD2C3DC18400291218 /* Embed Watch Content */ = {
			isa = PBXCopyFilesBuildPhase;
			buildActionMask = 2147483647;
			dstPath = "$(CONTENTS_FOLDER_PATH)/Watch";
			dstSubfolderSpec = 16;
			files = (
				9B982B902C447BBA00E63B43 /* VolleyScoreboardWatch Watch App.app in Embed Watch Content */,
			);
			name = "Embed Watch Content";
			runOnlyForDeploymentPostprocessing = 0;
		};
/* End PBXCopyFilesBuildPhase section */

/* Begin PBXFileReference section */
		9B01A2832C4089F2002CE40B /* ViewExtensions.swift */ = {isa = PBXFileReference; lastKnownFileType = sourcecode.swift; path = ViewExtensions.swift; sourceTree = "<group>"; };
		9B01A2852C408A22002CE40B /* UIScreenExtensions.swift */ = {isa = PBXFileReference; lastKnownFileType = sourcecode.swift; path = UIScreenExtensions.swift; sourceTree = "<group>"; };
		9B01A2872C4095AC002CE40B /* GameSetListItemView.swift */ = {isa = PBXFileReference; lastKnownFileType = sourcecode.swift; path = GameSetListItemView.swift; sourceTree = "<group>"; };
		9B01A28C2C40D31E002CE40B /* TeamListItemView.swift */ = {isa = PBXFileReference; lastKnownFileType = sourcecode.swift; path = TeamListItemView.swift; sourceTree = "<group>"; };
		9B115FFF2C44A8D400525682 /* VolleyScoreboardWatchWidgetExtension.appex */ = {isa = PBXFileReference; explicitFileType = "wrapper.app-extension"; includeInIndex = 0; path = VolleyScoreboardWatchWidgetExtension.appex; sourceTree = BUILT_PRODUCTS_DIR; };
		9B1160032C44A8D400525682 /* VolleyScoreboardWatchWidget.swift */ = {isa = PBXFileReference; lastKnownFileType = sourcecode.swift; path = VolleyScoreboardWatchWidget.swift; sourceTree = "<group>"; };
		9B1160052C44A8D500525682 /* Assets.xcassets */ = {isa = PBXFileReference; lastKnownFileType = folder.assetcatalog; path = Assets.xcassets; sourceTree = "<group>"; };
		9B1160072C44A8D500525682 /* Info.plist */ = {isa = PBXFileReference; lastKnownFileType = text.plist.xml; path = Info.plist; sourceTree = "<group>"; };
		9B1DE70F2C3661F0001D25CE /* Team.swift */ = {isa = PBXFileReference; lastKnownFileType = sourcecode.swift; path = Team.swift; sourceTree = "<group>"; };
		9B1DE7112C366239001D25CE /* Game.swift */ = {isa = PBXFileReference; lastKnownFileType = sourcecode.swift; path = Game.swift; sourceTree = "<group>"; };
		9B1DE7132C3662BD001D25CE /* Scoreboard.swift */ = {isa = PBXFileReference; lastKnownFileType = sourcecode.swift; path = Scoreboard.swift; sourceTree = "<group>"; };
		9B1DE7152C366315001D25CE /* Point.swift */ = {isa = PBXFileReference; lastKnownFileType = sourcecode.swift; path = Point.swift; sourceTree = "<group>"; };
		9B1DE7192C366B41001D25CE /* GameSet.swift */ = {isa = PBXFileReference; lastKnownFileType = sourcecode.swift; path = GameSet.swift; sourceTree = "<group>"; };
		9B1DE71B2C36F168001D25CE /* TeamListView.swift */ = {isa = PBXFileReference; lastKnownFileType = sourcecode.swift; path = TeamListView.swift; sourceTree = "<group>"; };
		9B1DE71D2C36F219001D25CE /* AppView.swift */ = {isa = PBXFileReference; lastKnownFileType = sourcecode.swift; path = AppView.swift; sourceTree = "<group>"; };
		9B1DE7572C376547001D25CE /* NewGameView.swift */ = {isa = PBXFileReference; lastKnownFileType = sourcecode.swift; path = NewGameView.swift; sourceTree = "<group>"; };
		9B1DE7592C37668C001D25CE /* TeamPickerView.swift */ = {isa = PBXFileReference; lastKnownFileType = sourcecode.swift; path = TeamPickerView.swift; sourceTree = "<group>"; };
		9B1DE75B2C3849AE001D25CE /* GameSetListView.swift */ = {isa = PBXFileReference; lastKnownFileType = sourcecode.swift; path = GameSetListView.swift; sourceTree = "<group>"; };
		9B1DE75D2C389AA0001D25CE /* ScoreboardView.swift */ = {isa = PBXFileReference; lastKnownFileType = sourcecode.swift; path = ScoreboardView.swift; sourceTree = "<group>"; };
		9B2751252C3F49F5007C759D /* ScoreView.swift */ = {isa = PBXFileReference; fileEncoding = 4; lastKnownFileType = sourcecode.swift; path = ScoreView.swift; sourceTree = "<group>"; };
		9B2751272C3F4F00007C759D /* GameListItemView.swift */ = {isa = PBXFileReference; lastKnownFileType = sourcecode.swift; path = GameListItemView.swift; sourceTree = "<group>"; };
		9B6472972C3C8A5700D515FC /* DateExtensions.swift */ = {isa = PBXFileReference; lastKnownFileType = sourcecode.swift; path = DateExtensions.swift; sourceTree = "<group>"; };
		9B64729B2C3D856400D515FC /* Launch Screen.storyboard */ = {isa = PBXFileReference; lastKnownFileType = file.storyboard; path = "Launch Screen.storyboard"; sourceTree = "<group>"; };
		9B982AEB2C4341DB00E63B43 /* DateSeparatorView.swift */ = {isa = PBXFileReference; lastKnownFileType = sourcecode.swift; path = DateSeparatorView.swift; sourceTree = "<group>"; };
		9B982AF32C435C1500E63B43 /* WidgetKit.framework */ = {isa = PBXFileReference; lastKnownFileType = wrapper.framework; name = WidgetKit.framework; path = System/Library/Frameworks/WidgetKit.framework; sourceTree = SDKROOT; };
		9B982AF52C435C1500E63B43 /* SwiftUI.framework */ = {isa = PBXFileReference; lastKnownFileType = wrapper.framework; name = SwiftUI.framework; path = System/Library/Frameworks/SwiftUI.framework; sourceTree = SDKROOT; };
		9B982B0D2C43608600E63B43 /* VolleyScoreboardWidgetExtensionExtension.appex */ = {isa = PBXFileReference; explicitFileType = "wrapper.app-extension"; includeInIndex = 0; path = VolleyScoreboardWidgetExtensionExtension.appex; sourceTree = BUILT_PRODUCTS_DIR; };
		9B982B132C43608600E63B43 /* VolleyScoreboardWidgetExtensionLiveActivity.swift */ = {isa = PBXFileReference; lastKnownFileType = sourcecode.swift; path = VolleyScoreboardWidgetExtensionLiveActivity.swift; sourceTree = "<group>"; };
		9B982B192C43608700E63B43 /* Assets.xcassets */ = {isa = PBXFileReference; lastKnownFileType = folder.assetcatalog; path = Assets.xcassets; sourceTree = "<group>"; };
		9B982B1B2C43608700E63B43 /* Info.plist */ = {isa = PBXFileReference; lastKnownFileType = text.plist.xml; path = Info.plist; sourceTree = "<group>"; };
		9B982B2A2C43634F00E63B43 /* ScoreboardContext.swift */ = {isa = PBXFileReference; lastKnownFileType = sourcecode.swift; path = ScoreboardContext.swift; sourceTree = "<group>"; };
		9B982B2D2C43639500E63B43 /* ScoreboardLiveActivityView.swift */ = {isa = PBXFileReference; lastKnownFileType = sourcecode.swift; path = ScoreboardLiveActivityView.swift; sourceTree = "<group>"; };
		9B982B2F2C4365BD00E63B43 /* VolleyScoreboardWidgetExtension.swift */ = {isa = PBXFileReference; lastKnownFileType = sourcecode.swift; path = VolleyScoreboardWidgetExtension.swift; sourceTree = "<group>"; };
		9B982B322C43681200E63B43 /* LiveActivityManager.swift */ = {isa = PBXFileReference; lastKnownFileType = sourcecode.swift; path = LiveActivityManager.swift; sourceTree = "<group>"; };
		9B982B352C4372BF00E63B43 /* Info.plist */ = {isa = PBXFileReference; lastKnownFileType = text.plist; path = Info.plist; sourceTree = "<group>"; };
		9B982B832C447BB900E63B43 /* VolleyScoreboardWatch Watch App.app */ = {isa = PBXFileReference; explicitFileType = wrapper.application; includeInIndex = 0; path = "VolleyScoreboardWatch Watch App.app"; sourceTree = BUILT_PRODUCTS_DIR; };
		9B982B852C447BB900E63B43 /* VolleyScoreboardWatchApp.swift */ = {isa = PBXFileReference; lastKnownFileType = sourcecode.swift; path = VolleyScoreboardWatchApp.swift; sourceTree = "<group>"; };
		9B982B872C447BB900E63B43 /* ContentView.swift */ = {isa = PBXFileReference; lastKnownFileType = sourcecode.swift; path = ContentView.swift; sourceTree = "<group>"; };
		9B982B892C447BBA00E63B43 /* Assets.xcassets */ = {isa = PBXFileReference; lastKnownFileType = folder.assetcatalog; path = Assets.xcassets; sourceTree = "<group>"; };
		9B982B8C2C447BBA00E63B43 /* Preview Assets.xcassets */ = {isa = PBXFileReference; lastKnownFileType = folder.assetcatalog; path = "Preview Assets.xcassets"; sourceTree = "<group>"; };
		9B982B942C447F3D00E63B43 /* WatchConnectivityManager.swift */ = {isa = PBXFileReference; lastKnownFileType = sourcecode.swift; path = WatchConnectivityManager.swift; sourceTree = "<group>"; };
		9B982B982C44842000E63B43 /* ScoreboardStatus.swift */ = {isa = PBXFileReference; lastKnownFileType = sourcecode.swift; path = ScoreboardStatus.swift; sourceTree = "<group>"; };
		9B982B9F2C44848600E63B43 /* WatchConnectivityManager.swift */ = {isa = PBXFileReference; lastKnownFileType = sourcecode.swift; path = WatchConnectivityManager.swift; sourceTree = "<group>"; };
		9BD7325D2C3A451B00E1B599 /* PreviewContainer.swift */ = {isa = PBXFileReference; lastKnownFileType = sourcecode.swift; path = PreviewContainer.swift; sourceTree = "<group>"; };
		9BDB44F22C8795280072B9A4 /* EnvironmentValuesExtensions.swift */ = {isa = PBXFileReference; lastKnownFileType = sourcecode.swift; path = EnvironmentValuesExtensions.swift; sourceTree = "<group>"; };
		9BE626D32C36150E00B38BEE /* VolleyScoreboard.app */ = {isa = PBXFileReference; explicitFileType = wrapper.application; includeInIndex = 0; path = VolleyScoreboard.app; sourceTree = BUILT_PRODUCTS_DIR; };
		9BE626D62C36150E00B38BEE /* VolleyScoreboardApp.swift */ = {isa = PBXFileReference; lastKnownFileType = sourcecode.swift; path = VolleyScoreboardApp.swift; sourceTree = "<group>"; };
		9BE626D82C36150E00B38BEE /* GameListView.swift */ = {isa = PBXFileReference; lastKnownFileType = sourcecode.swift; path = GameListView.swift; sourceTree = "<group>"; };
		9BE626DC2C36150F00B38BEE /* Assets.xcassets */ = {isa = PBXFileReference; lastKnownFileType = folder.assetcatalog; path = Assets.xcassets; sourceTree = "<group>"; };
		9BE626DF2C36150F00B38BEE /* Preview Assets.xcassets */ = {isa = PBXFileReference; lastKnownFileType = folder.assetcatalog; path = "Preview Assets.xcassets"; sourceTree = "<group>"; };
/* End PBXFileReference section */

/* Begin PBXFrameworksBuildPhase section */
		9B115FFC2C44A8D400525682 /* Frameworks */ = {
			isa = PBXFrameworksBuildPhase;
			buildActionMask = 2147483647;
			files = (
				9B1160012C44A8D400525682 /* SwiftUI.framework in Frameworks */,
				9B1160002C44A8D400525682 /* WidgetKit.framework in Frameworks */,
			);
			runOnlyForDeploymentPostprocessing = 0;
		};
		9B982B0A2C43608600E63B43 /* Frameworks */ = {
			isa = PBXFrameworksBuildPhase;
			buildActionMask = 2147483647;
			files = (
				9B982B0F2C43608600E63B43 /* SwiftUI.framework in Frameworks */,
				9B982B0E2C43608600E63B43 /* WidgetKit.framework in Frameworks */,
			);
			runOnlyForDeploymentPostprocessing = 0;
		};
		9B982B802C447BB900E63B43 /* Frameworks */ = {
			isa = PBXFrameworksBuildPhase;
			buildActionMask = 2147483647;
			files = (
			);
			runOnlyForDeploymentPostprocessing = 0;
		};
		9BE626D02C36150E00B38BEE /* Frameworks */ = {
			isa = PBXFrameworksBuildPhase;
			buildActionMask = 2147483647;
			files = (
			);
			runOnlyForDeploymentPostprocessing = 0;
		};
/* End PBXFrameworksBuildPhase section */

/* Begin PBXGroup section */
		9B01A2822C4089B8002CE40B /* Extensions */ = {
			isa = PBXGroup;
			children = (
				9B6472972C3C8A5700D515FC /* DateExtensions.swift */,
				9B01A2832C4089F2002CE40B /* ViewExtensions.swift */,
				9B01A2852C408A22002CE40B /* UIScreenExtensions.swift */,
				9BDB44F22C8795280072B9A4 /* EnvironmentValuesExtensions.swift */,
			);
			path = Extensions;
			sourceTree = "<group>";
		};
		9B1160022C44A8D400525682 /* VolleyScoreboardWatchWidget */ = {
			isa = PBXGroup;
			children = (
				9B1160032C44A8D400525682 /* VolleyScoreboardWatchWidget.swift */,
				9B1160052C44A8D500525682 /* Assets.xcassets */,
				9B1160072C44A8D500525682 /* Info.plist */,
			);
			path = VolleyScoreboardWatchWidget;
			sourceTree = "<group>";
		};
		9B982AE42C433DE200E63B43 /* Models */ = {
			isa = PBXGroup;
			children = (
				9B1DE70F2C3661F0001D25CE /* Team.swift */,
				9B1DE7112C366239001D25CE /* Game.swift */,
				9B1DE7132C3662BD001D25CE /* Scoreboard.swift */,
				9B1DE7152C366315001D25CE /* Point.swift */,
				9B1DE7192C366B41001D25CE /* GameSet.swift */,
			);
			path = Models;
			sourceTree = "<group>";
		};
		9B982AE52C433E1900E63B43 /* Views */ = {
			isa = PBXGroup;
			children = (
				9B982AEA2C4341CA00E63B43 /* ListViews */,
				9B982AE92C433E8300E63B43 /* ScoreboardViews */,
				9B982AE82C433E6200E63B43 /* TeamViews */,
				9B982AE72C433E4700E63B43 /* GameSetViews */,
				9B982AE62C433E2700E63B43 /* GameViews */,
			);
			path = Views;
			sourceTree = "<group>";
		};
		9B982AE62C433E2700E63B43 /* GameViews */ = {
			isa = PBXGroup;
			children = (
				9BE626D82C36150E00B38BEE /* GameListView.swift */,
				9B1DE7572C376547001D25CE /* NewGameView.swift */,
				9B2751272C3F4F00007C759D /* GameListItemView.swift */,
			);
			path = GameViews;
			sourceTree = "<group>";
		};
		9B982AE72C433E4700E63B43 /* GameSetViews */ = {
			isa = PBXGroup;
			children = (
				9B1DE75B2C3849AE001D25CE /* GameSetListView.swift */,
				9B01A2872C4095AC002CE40B /* GameSetListItemView.swift */,
			);
			path = GameSetViews;
			sourceTree = "<group>";
		};
		9B982AE82C433E6200E63B43 /* TeamViews */ = {
			isa = PBXGroup;
			children = (
				9B1DE71B2C36F168001D25CE /* TeamListView.swift */,
				9B01A28C2C40D31E002CE40B /* TeamListItemView.swift */,
				9B1DE7592C37668C001D25CE /* TeamPickerView.swift */,
			);
			path = TeamViews;
			sourceTree = "<group>";
		};
		9B982AE92C433E8300E63B43 /* ScoreboardViews */ = {
			isa = PBXGroup;
			children = (
				9B2751252C3F49F5007C759D /* ScoreView.swift */,
				9B1DE75D2C389AA0001D25CE /* ScoreboardView.swift */,
			);
			path = ScoreboardViews;
			sourceTree = "<group>";
		};
		9B982AEA2C4341CA00E63B43 /* ListViews */ = {
			isa = PBXGroup;
			children = (
				9B982AEB2C4341DB00E63B43 /* DateSeparatorView.swift */,
			);
			path = ListViews;
			sourceTree = "<group>";
		};
		9B982AF22C435C1500E63B43 /* Frameworks */ = {
			isa = PBXGroup;
			children = (
				9B982AF32C435C1500E63B43 /* WidgetKit.framework */,
				9B982AF52C435C1500E63B43 /* SwiftUI.framework */,
			);
			name = Frameworks;
			sourceTree = "<group>";
		};
		9B982B102C43608600E63B43 /* VolleyScoreboardWidgetExtension */ = {
			isa = PBXGroup;
			children = (
				9B982B2C2C43638100E63B43 /* Views */,
				9B982B272C43632400E63B43 /* Models */,
				9B982B132C43608600E63B43 /* VolleyScoreboardWidgetExtensionLiveActivity.swift */,
				9B982B192C43608700E63B43 /* Assets.xcassets */,
				9B982B1B2C43608700E63B43 /* Info.plist */,
				9B982B2F2C4365BD00E63B43 /* VolleyScoreboardWidgetExtension.swift */,
			);
			path = VolleyScoreboardWidgetExtension;
			sourceTree = "<group>";
		};
		9B982B272C43632400E63B43 /* Models */ = {
			isa = PBXGroup;
			children = (
				9B982B2A2C43634F00E63B43 /* ScoreboardContext.swift */,
			);
			path = Models;
			sourceTree = "<group>";
		};
		9B982B2C2C43638100E63B43 /* Views */ = {
			isa = PBXGroup;
			children = (
				9B982B2D2C43639500E63B43 /* ScoreboardLiveActivityView.swift */,
			);
			path = Views;
			sourceTree = "<group>";
		};
		9B982B312C4367F400E63B43 /* Managers */ = {
			isa = PBXGroup;
			children = (
				9B982B322C43681200E63B43 /* LiveActivityManager.swift */,
				9B982B942C447F3D00E63B43 /* WatchConnectivityManager.swift */,
			);
			path = Managers;
			sourceTree = "<group>";
		};
		9B982B842C447BB900E63B43 /* VolleyScoreboardWatch Watch App */ = {
			isa = PBXGroup;
			children = (
				9B982B9E2C44847900E63B43 /* Managers */,
				9B982B972C4483F700E63B43 /* Models */,
				9B982B852C447BB900E63B43 /* VolleyScoreboardWatchApp.swift */,
				9B982B872C447BB900E63B43 /* ContentView.swift */,
				9B982B892C447BBA00E63B43 /* Assets.xcassets */,
				9B982B8B2C447BBA00E63B43 /* Preview Content */,
			);
			path = "VolleyScoreboardWatch Watch App";
			sourceTree = "<group>";
		};
		9B982B8B2C447BBA00E63B43 /* Preview Content */ = {
			isa = PBXGroup;
			children = (
				9B982B8C2C447BBA00E63B43 /* Preview Assets.xcassets */,
			);
			path = "Preview Content";
			sourceTree = "<group>";
		};
		9B982B972C4483F700E63B43 /* Models */ = {
			isa = PBXGroup;
			children = (
				9B982B982C44842000E63B43 /* ScoreboardStatus.swift */,
			);
			path = Models;
			sourceTree = "<group>";
		};
		9B982B9E2C44847900E63B43 /* Managers */ = {
			isa = PBXGroup;
			children = (
				9B982B9F2C44848600E63B43 /* WatchConnectivityManager.swift */,
			);
			path = Managers;
			sourceTree = "<group>";
		};
		9BE626CA2C36150E00B38BEE = {
			isa = PBXGroup;
			children = (
				9BE626D52C36150E00B38BEE /* VolleyScoreboard */,
				9B982B102C43608600E63B43 /* VolleyScoreboardWidgetExtension */,
				9B982B842C447BB900E63B43 /* VolleyScoreboardWatch Watch App */,
				9B1160022C44A8D400525682 /* VolleyScoreboardWatchWidget */,
				9B982AF22C435C1500E63B43 /* Frameworks */,
				9BE626D42C36150E00B38BEE /* Products */,
			);
			sourceTree = "<group>";
		};
		9BE626D42C36150E00B38BEE /* Products */ = {
			isa = PBXGroup;
			children = (
				9BE626D32C36150E00B38BEE /* VolleyScoreboard.app */,
				9B982B0D2C43608600E63B43 /* VolleyScoreboardWidgetExtensionExtension.appex */,
				9B982B832C447BB900E63B43 /* VolleyScoreboardWatch Watch App.app */,
				9B115FFF2C44A8D400525682 /* VolleyScoreboardWatchWidgetExtension.appex */,
			);
			name = Products;
			sourceTree = "<group>";
		};
		9BE626D52C36150E00B38BEE /* VolleyScoreboard */ = {
			isa = PBXGroup;
			children = (
				9B982B352C4372BF00E63B43 /* Info.plist */,
				9B982B312C4367F400E63B43 /* Managers */,
				9B982AE52C433E1900E63B43 /* Views */,
				9B982AE42C433DE200E63B43 /* Models */,
				9B01A2822C4089B8002CE40B /* Extensions */,
				9BE626D62C36150E00B38BEE /* VolleyScoreboardApp.swift */,
				9BD7325D2C3A451B00E1B599 /* PreviewContainer.swift */,
				9BE626DC2C36150F00B38BEE /* Assets.xcassets */,
				9BE626DE2C36150F00B38BEE /* Preview Content */,
				9B1DE71D2C36F219001D25CE /* AppView.swift */,
				9B64729B2C3D856400D515FC /* Launch Screen.storyboard */,
			);
			path = VolleyScoreboard;
			sourceTree = "<group>";
		};
		9BE626DE2C36150F00B38BEE /* Preview Content */ = {
			isa = PBXGroup;
			children = (
				9BE626DF2C36150F00B38BEE /* Preview Assets.xcassets */,
			);
			path = "Preview Content";
			sourceTree = "<group>";
		};
/* End PBXGroup section */

/* Begin PBXNativeTarget section */
		9B115FFE2C44A8D400525682 /* VolleyScoreboardWatchWidgetExtension */ = {
			isa = PBXNativeTarget;
			buildConfigurationList = 9B11600E2C44A8D500525682 /* Build configuration list for PBXNativeTarget "VolleyScoreboardWatchWidgetExtension" */;
			buildPhases = (
				9B115FFB2C44A8D400525682 /* Sources */,
				9B115FFC2C44A8D400525682 /* Frameworks */,
				9B115FFD2C44A8D400525682 /* Resources */,
			);
			buildRules = (
			);
			dependencies = (
			);
			name = VolleyScoreboardWatchWidgetExtension;
			productName = VolleyScoreboardWatchWidgetExtension;
			productReference = 9B115FFF2C44A8D400525682 /* VolleyScoreboardWatchWidgetExtension.appex */;
			productType = "com.apple.product-type.app-extension";
		};
		9B982B0C2C43608600E63B43 /* VolleyScoreboardWidgetExtensionExtension */ = {
			isa = PBXNativeTarget;
			buildConfigurationList = 9B982B1F2C43608700E63B43 /* Build configuration list for PBXNativeTarget "VolleyScoreboardWidgetExtensionExtension" */;
			buildPhases = (
				9B982B092C43608600E63B43 /* Sources */,
				9B982B0A2C43608600E63B43 /* Frameworks */,
				9B982B0B2C43608600E63B43 /* Resources */,
			);
			buildRules = (
			);
			dependencies = (
			);
			name = VolleyScoreboardWidgetExtensionExtension;
			productName = VolleyScoreboardWidgetExtensionExtension;
			productReference = 9B982B0D2C43608600E63B43 /* VolleyScoreboardWidgetExtensionExtension.appex */;
			productType = "com.apple.product-type.app-extension";
		};
		9B982B822C447BB900E63B43 /* VolleyScoreboardWatch Watch App */ = {
			isa = PBXNativeTarget;
			buildConfigurationList = 9B982B932C447BBA00E63B43 /* Build configuration list for PBXNativeTarget "VolleyScoreboardWatch Watch App" */;
			buildPhases = (
				9B982B7F2C447BB900E63B43 /* Sources */,
				9B982B802C447BB900E63B43 /* Frameworks */,
				9B982B812C447BB900E63B43 /* Resources */,
				9B11600B2C44A8D500525682 /* Embed Foundation Extensions */,
			);
			buildRules = (
			);
			dependencies = (
				9B1160092C44A8D500525682 /* PBXTargetDependency */,
			);
			name = "VolleyScoreboardWatch Watch App";
			productName = "VolleyScoreboardWatch Watch App";
			productReference = 9B982B832C447BB900E63B43 /* VolleyScoreboardWatch Watch App.app */;
			productType = "com.apple.product-type.application";
		};
		9BE626D22C36150E00B38BEE /* VolleyScoreboard */ = {
			isa = PBXNativeTarget;
			buildConfigurationList = 9BE626F92C36150F00B38BEE /* Build configuration list for PBXNativeTarget "VolleyScoreboard" */;
			buildPhases = (
				9BE626CF2C36150E00B38BEE /* Sources */,
				9BE626D02C36150E00B38BEE /* Frameworks */,
				9BE626D12C36150E00B38BEE /* Resources */,
				9BE368BD2C3DC18400291218 /* Embed Watch Content */,
				9B982B222C43608700E63B43 /* Embed Foundation Extensions */,
			);
			buildRules = (
			);
			dependencies = (
				9B50CB3C2C44A68000650B11 /* PBXTargetDependency */,
				9B982B1D2C43608700E63B43 /* PBXTargetDependency */,
			);
			name = VolleyScoreboard;
			productName = VolleyScoreboard;
			productReference = 9BE626D32C36150E00B38BEE /* VolleyScoreboard.app */;
			productType = "com.apple.product-type.application";
		};
/* End PBXNativeTarget section */

/* Begin PBXProject section */
		9BE626CB2C36150E00B38BEE /* Project object */ = {
			isa = PBXProject;
			attributes = {
				BuildIndependentTargetsInParallel = 1;
				LastSwiftUpdateCheck = 1540;
				LastUpgradeCheck = 1540;
				TargetAttributes = {
					9B115FFE2C44A8D400525682 = {
						CreatedOnToolsVersion = 15.4;
					};
					9B982B0C2C43608600E63B43 = {
						CreatedOnToolsVersion = 15.4;
					};
					9B982B822C447BB900E63B43 = {
						CreatedOnToolsVersion = 15.4;
					};
					9BE626D22C36150E00B38BEE = {
						CreatedOnToolsVersion = 15.4;
					};
				};
			};
			buildConfigurationList = 9BE626CE2C36150E00B38BEE /* Build configuration list for PBXProject "VolleyScoreboard" */;
			compatibilityVersion = "Xcode 14.0";
			developmentRegion = "pt-BR";
			hasScannedForEncodings = 0;
			knownRegions = (
				Base,
				"pt-BR",
			);
			mainGroup = 9BE626CA2C36150E00B38BEE;
			productRefGroup = 9BE626D42C36150E00B38BEE /* Products */;
			projectDirPath = "";
			projectRoot = "";
			targets = (
				9BE626D22C36150E00B38BEE /* VolleyScoreboard */,
				9B982B0C2C43608600E63B43 /* VolleyScoreboardWidgetExtensionExtension */,
				9B982B822C447BB900E63B43 /* VolleyScoreboardWatch Watch App */,
				9B115FFE2C44A8D400525682 /* VolleyScoreboardWatchWidgetExtension */,
			);
		};
/* End PBXProject section */

/* Begin PBXResourcesBuildPhase section */
		9B115FFD2C44A8D400525682 /* Resources */ = {
			isa = PBXResourcesBuildPhase;
			buildActionMask = 2147483647;
			files = (
				9B1160062C44A8D500525682 /* Assets.xcassets in Resources */,
			);
			runOnlyForDeploymentPostprocessing = 0;
		};
		9B982B0B2C43608600E63B43 /* Resources */ = {
			isa = PBXResourcesBuildPhase;
			buildActionMask = 2147483647;
			files = (
				9B982B1A2C43608700E63B43 /* Assets.xcassets in Resources */,
			);
			runOnlyForDeploymentPostprocessing = 0;
		};
		9B982B812C447BB900E63B43 /* Resources */ = {
			isa = PBXResourcesBuildPhase;
			buildActionMask = 2147483647;
			files = (
				9B982B8D2C447BBA00E63B43 /* Preview Assets.xcassets in Resources */,
				9B982B8A2C447BBA00E63B43 /* Assets.xcassets in Resources */,
			);
			runOnlyForDeploymentPostprocessing = 0;
		};
		9BE626D12C36150E00B38BEE /* Resources */ = {
			isa = PBXResourcesBuildPhase;
			buildActionMask = 2147483647;
			files = (
				9B64729C2C3D856400D515FC /* Launch Screen.storyboard in Resources */,
				9BE626E02C36150F00B38BEE /* Preview Assets.xcassets in Resources */,
				9BE626DD2C36150F00B38BEE /* Assets.xcassets in Resources */,
			);
			runOnlyForDeploymentPostprocessing = 0;
		};
/* End PBXResourcesBuildPhase section */

/* Begin PBXSourcesBuildPhase section */
		9B115FFB2C44A8D400525682 /* Sources */ = {
			isa = PBXSourcesBuildPhase;
			buildActionMask = 2147483647;
			files = (
				9B1160042C44A8D400525682 /* VolleyScoreboardWatchWidget.swift in Sources */,
				9B11600F2C44A94800525682 /* ScoreboardStatus.swift in Sources */,
			);
			runOnlyForDeploymentPostprocessing = 0;
		};
		9B982B092C43608600E63B43 /* Sources */ = {
			isa = PBXSourcesBuildPhase;
			buildActionMask = 2147483647;
			files = (
				9B982B302C4365BD00E63B43 /* VolleyScoreboardWidgetExtension.swift in Sources */,
				9B982B142C43608600E63B43 /* VolleyScoreboardWidgetExtensionLiveActivity.swift in Sources */,
				9B982B2E2C43639500E63B43 /* ScoreboardLiveActivityView.swift in Sources */,
				9B982B2B2C43634F00E63B43 /* ScoreboardContext.swift in Sources */,
			);
			runOnlyForDeploymentPostprocessing = 0;
		};
		9B982B7F2C447BB900E63B43 /* Sources */ = {
			isa = PBXSourcesBuildPhase;
			buildActionMask = 2147483647;
			files = (
				9B982B882C447BB900E63B43 /* ContentView.swift in Sources */,
				9B982B9A2C44842000E63B43 /* ScoreboardStatus.swift in Sources */,
				9B982BA02C44848600E63B43 /* WatchConnectivityManager.swift in Sources */,
				9B982B862C447BB900E63B43 /* VolleyScoreboardWatchApp.swift in Sources */,
			);
			runOnlyForDeploymentPostprocessing = 0;
		};
		9BE626CF2C36150E00B38BEE /* Sources */ = {
			isa = PBXSourcesBuildPhase;
			buildActionMask = 2147483647;
			files = (
				9B01A2882C4095AC002CE40B /* GameSetListItemView.swift in Sources */,
				9B982B992C44842000E63B43 /* ScoreboardStatus.swift in Sources */,
				9B1DE71A2C366B41001D25CE /* GameSet.swift in Sources */,
				9B2751262C3F49F5007C759D /* ScoreView.swift in Sources */,
				9B1DE75C2C3849AE001D25CE /* GameSetListView.swift in Sources */,
				9B982AEC2C4341DB00E63B43 /* DateSeparatorView.swift in Sources */,
				9B1DE7102C3661F0001D25CE /* Team.swift in Sources */,
				9BDB44F32C8795280072B9A4 /* EnvironmentValuesExtensions.swift in Sources */,
				9B01A2842C4089F2002CE40B /* ViewExtensions.swift in Sources */,
				9B1DE7122C366239001D25CE /* Game.swift in Sources */,
				9B2751282C3F4F00007C759D /* GameListItemView.swift in Sources */,
				9B1DE75A2C37668C001D25CE /* TeamPickerView.swift in Sources */,
				9B01A28D2C40D31E002CE40B /* TeamListItemView.swift in Sources */,
				9B982B342C43686700E63B43 /* ScoreboardContext.swift in Sources */,
				9BE626D92C36150E00B38BEE /* GameListView.swift in Sources */,
				9B982B332C43681200E63B43 /* LiveActivityManager.swift in Sources */,
				9B01A2862C408A22002CE40B /* UIScreenExtensions.swift in Sources */,
				9B6472982C3C8A5700D515FC /* DateExtensions.swift in Sources */,
				9B1DE7142C3662BD001D25CE /* Scoreboard.swift in Sources */,
				9B1DE7162C366315001D25CE /* Point.swift in Sources */,
				9BE626D72C36150E00B38BEE /* VolleyScoreboardApp.swift in Sources */,
				9B982B952C447F3D00E63B43 /* WatchConnectivityManager.swift in Sources */,
				9B1DE7582C376547001D25CE /* NewGameView.swift in Sources */,
				9B1DE71E2C36F219001D25CE /* AppView.swift in Sources */,
				9B1DE75E2C389AA0001D25CE /* ScoreboardView.swift in Sources */,
				9BD7325E2C3A451B00E1B599 /* PreviewContainer.swift in Sources */,
				9B1DE71C2C36F168001D25CE /* TeamListView.swift in Sources */,
			);
			runOnlyForDeploymentPostprocessing = 0;
		};
/* End PBXSourcesBuildPhase section */

/* Begin PBXTargetDependency section */
		9B1160092C44A8D500525682 /* PBXTargetDependency */ = {
			isa = PBXTargetDependency;
			target = 9B115FFE2C44A8D400525682 /* VolleyScoreboardWatchWidgetExtension */;
			targetProxy = 9B1160082C44A8D500525682 /* PBXContainerItemProxy */;
		};
		9B50CB3C2C44A68000650B11 /* PBXTargetDependency */ = {
			isa = PBXTargetDependency;
			target = 9B982B822C447BB900E63B43 /* VolleyScoreboardWatch Watch App */;
			targetProxy = 9B50CB3B2C44A68000650B11 /* PBXContainerItemProxy */;
		};
		9B982B1D2C43608700E63B43 /* PBXTargetDependency */ = {
			isa = PBXTargetDependency;
			target = 9B982B0C2C43608600E63B43 /* VolleyScoreboardWidgetExtensionExtension */;
			targetProxy = 9B982B1C2C43608700E63B43 /* PBXContainerItemProxy */;
		};
/* End PBXTargetDependency section */

/* Begin XCBuildConfiguration section */
		9B11600C2C44A8D500525682 /* Debug */ = {
			isa = XCBuildConfiguration;
			buildSettings = {
				ASSETCATALOG_COMPILER_GLOBAL_ACCENT_COLOR_NAME = AccentColor;
				ASSETCATALOG_COMPILER_WIDGET_BACKGROUND_COLOR_NAME = WidgetBackground;
				CODE_SIGN_IDENTITY = "Apple Development";
				CODE_SIGN_STYLE = Automatic;
				CURRENT_PROJECT_VERSION = 1;
				DEVELOPMENT_TEAM = PPW5E75Z6J;
				GENERATE_INFOPLIST_FILE = YES;
				INFOPLIST_FILE = VolleyScoreboardWatchWidget/Info.plist;
				INFOPLIST_KEY_CFBundleDisplayName = VolleyScoreboardWatchWidget;
				INFOPLIST_KEY_NSHumanReadableCopyright = "";
				LD_RUNPATH_SEARCH_PATHS = (
					"$(inherited)",
					"@executable_path/Frameworks",
					"@executable_path/../../Frameworks",
					"@executable_path/../../../../Frameworks",
				);
				MARKETING_VERSION = 1.0;
				PRODUCT_BUNDLE_IDENTIFIER = com.4DevsO.VolleyScoreboard.watchkitapp.VolleyScoreboardWatchWidget;
				PRODUCT_NAME = "$(TARGET_NAME)";
				SDKROOT = watchos;
				SKIP_INSTALL = YES;
				SWIFT_EMIT_LOC_STRINGS = YES;
				SWIFT_VERSION = 5.0;
				TARGETED_DEVICE_FAMILY = 4;
				WATCHOS_DEPLOYMENT_TARGET = 10.5;
			};
			name = Debug;
		};
		9B11600D2C44A8D500525682 /* Release */ = {
			isa = XCBuildConfiguration;
			buildSettings = {
				ASSETCATALOG_COMPILER_GLOBAL_ACCENT_COLOR_NAME = AccentColor;
				ASSETCATALOG_COMPILER_WIDGET_BACKGROUND_COLOR_NAME = WidgetBackground;
				CODE_SIGN_IDENTITY = "Apple Development";
				CODE_SIGN_STYLE = Automatic;
				CURRENT_PROJECT_VERSION = 1;
				DEVELOPMENT_TEAM = PPW5E75Z6J;
				GENERATE_INFOPLIST_FILE = YES;
				INFOPLIST_FILE = VolleyScoreboardWatchWidget/Info.plist;
				INFOPLIST_KEY_CFBundleDisplayName = VolleyScoreboardWatchWidget;
				INFOPLIST_KEY_NSHumanReadableCopyright = "";
				LD_RUNPATH_SEARCH_PATHS = (
					"$(inherited)",
					"@executable_path/Frameworks",
					"@executable_path/../../Frameworks",
					"@executable_path/../../../../Frameworks",
				);
				MARKETING_VERSION = 1.0;
				PRODUCT_BUNDLE_IDENTIFIER = com.4DevsO.VolleyScoreboard.watchkitapp.VolleyScoreboardWatchWidget;
				PRODUCT_NAME = "$(TARGET_NAME)";
				SDKROOT = watchos;
				SKIP_INSTALL = YES;
				SWIFT_EMIT_LOC_STRINGS = YES;
				SWIFT_VERSION = 5.0;
				TARGETED_DEVICE_FAMILY = 4;
				WATCHOS_DEPLOYMENT_TARGET = 10.5;
			};
			name = Release;
		};
		9B982B202C43608700E63B43 /* Debug */ = {
			isa = XCBuildConfiguration;
			buildSettings = {
				ASSETCATALOG_COMPILER_GLOBAL_ACCENT_COLOR_NAME = AccentColor;
				ASSETCATALOG_COMPILER_WIDGET_BACKGROUND_COLOR_NAME = WidgetBackground;
				CODE_SIGN_IDENTITY = "Apple Development";
				CODE_SIGN_STYLE = Automatic;
				CURRENT_PROJECT_VERSION = 1.1;
				DEVELOPMENT_TEAM = PPW5E75Z6J;
				GENERATE_INFOPLIST_FILE = YES;
				INFOPLIST_FILE = VolleyScoreboardWidgetExtension/Info.plist;
				INFOPLIST_KEY_CFBundleDisplayName = VolleyScoreboardWidgetExtension;
				INFOPLIST_KEY_NSHumanReadableCopyright = "";
				LD_RUNPATH_SEARCH_PATHS = (
					"$(inherited)",
					"@executable_path/Frameworks",
					"@executable_path/../../Frameworks",
				);
				MARKETING_VERSION = 1.1;
				PRODUCT_BUNDLE_IDENTIFIER = com.4DevsO.VolleyScoreboard.VolleyScoreboardWidgetExtension;
				PRODUCT_NAME = "$(TARGET_NAME)";
				SKIP_INSTALL = YES;
				SWIFT_EMIT_LOC_STRINGS = YES;
				SWIFT_VERSION = 5.0;
				TARGETED_DEVICE_FAMILY = "1,2";
			};
			name = Debug;
		};
		9B982B212C43608700E63B43 /* Release */ = {
			isa = XCBuildConfiguration;
			buildSettings = {
				ASSETCATALOG_COMPILER_GLOBAL_ACCENT_COLOR_NAME = AccentColor;
				ASSETCATALOG_COMPILER_WIDGET_BACKGROUND_COLOR_NAME = WidgetBackground;
				CODE_SIGN_IDENTITY = "Apple Development";
				CODE_SIGN_STYLE = Automatic;
				CURRENT_PROJECT_VERSION = 1.1;
				DEVELOPMENT_TEAM = PPW5E75Z6J;
				GENERATE_INFOPLIST_FILE = YES;
				INFOPLIST_FILE = VolleyScoreboardWidgetExtension/Info.plist;
				INFOPLIST_KEY_CFBundleDisplayName = VolleyScoreboardWidgetExtension;
				INFOPLIST_KEY_NSHumanReadableCopyright = "";
				LD_RUNPATH_SEARCH_PATHS = (
					"$(inherited)",
					"@executable_path/Frameworks",
					"@executable_path/../../Frameworks",
				);
				MARKETING_VERSION = 1.1;
				PRODUCT_BUNDLE_IDENTIFIER = com.4DevsO.VolleyScoreboard.VolleyScoreboardWidgetExtension;
				PRODUCT_NAME = "$(TARGET_NAME)";
				SKIP_INSTALL = YES;
				SWIFT_EMIT_LOC_STRINGS = YES;
				SWIFT_VERSION = 5.0;
				TARGETED_DEVICE_FAMILY = "1,2";
			};
			name = Release;
		};
		9B982B912C447BBA00E63B43 /* Debug */ = {
			isa = XCBuildConfiguration;
			buildSettings = {
				ALWAYS_EMBED_SWIFT_STANDARD_LIBRARIES = YES;
				ASSETCATALOG_COMPILER_APPICON_NAME = AppIcon;
				ASSETCATALOG_COMPILER_GLOBAL_ACCENT_COLOR_NAME = AccentColor;
				CODE_SIGN_IDENTITY = "Apple Development";
				CODE_SIGN_STYLE = Automatic;
				CURRENT_PROJECT_VERSION = 1;
				DEVELOPMENT_ASSET_PATHS = "\"VolleyScoreboardWatch Watch App/Preview Content\"";
				DEVELOPMENT_TEAM = PPW5E75Z6J;
				ENABLE_PREVIEWS = YES;
				GENERATE_INFOPLIST_FILE = YES;
				INFOPLIST_KEY_CFBundleDisplayName = VolleyScoreboardWatch;
				INFOPLIST_KEY_UISupportedInterfaceOrientations = "UIInterfaceOrientationPortrait UIInterfaceOrientationPortraitUpsideDown";
				INFOPLIST_KEY_WKCompanionAppBundleIdentifier = com.4DevsO.VolleyScoreboard;
				LD_RUNPATH_SEARCH_PATHS = (
					"$(inherited)",
					"@executable_path/Frameworks",
				);
				MARKETING_VERSION = 1.0;
				PRODUCT_BUNDLE_IDENTIFIER = com.4DevsO.VolleyScoreboard.watchkitapp;
				PRODUCT_NAME = "$(TARGET_NAME)";
				PROVISIONING_PROFILE_SPECIFIER = "";
				SDKROOT = watchos;
				SKIP_INSTALL = YES;
				SWIFT_EMIT_LOC_STRINGS = YES;
				SWIFT_VERSION = 5.0;
				TARGETED_DEVICE_FAMILY = 4;
				WATCHOS_DEPLOYMENT_TARGET = 10.5;
			};
			name = Debug;
		};
		9B982B922C447BBA00E63B43 /* Release */ = {
			isa = XCBuildConfiguration;
			buildSettings = {
				ALWAYS_EMBED_SWIFT_STANDARD_LIBRARIES = YES;
				ASSETCATALOG_COMPILER_APPICON_NAME = AppIcon;
				ASSETCATALOG_COMPILER_GLOBAL_ACCENT_COLOR_NAME = AccentColor;
				CODE_SIGN_IDENTITY = "Apple Development";
				CODE_SIGN_STYLE = Automatic;
				CURRENT_PROJECT_VERSION = 1;
				DEVELOPMENT_ASSET_PATHS = "\"VolleyScoreboardWatch Watch App/Preview Content\"";
				DEVELOPMENT_TEAM = PPW5E75Z6J;
				ENABLE_PREVIEWS = YES;
				GENERATE_INFOPLIST_FILE = YES;
				INFOPLIST_KEY_CFBundleDisplayName = VolleyScoreboardWatch;
				INFOPLIST_KEY_UISupportedInterfaceOrientations = "UIInterfaceOrientationPortrait UIInterfaceOrientationPortraitUpsideDown";
				INFOPLIST_KEY_WKCompanionAppBundleIdentifier = com.4DevsO.VolleyScoreboard;
				LD_RUNPATH_SEARCH_PATHS = (
					"$(inherited)",
					"@executable_path/Frameworks",
				);
				MARKETING_VERSION = 1.0;
				PRODUCT_BUNDLE_IDENTIFIER = com.4DevsO.VolleyScoreboard.watchkitapp;
				PRODUCT_NAME = "$(TARGET_NAME)";
				PROVISIONING_PROFILE_SPECIFIER = "";
				SDKROOT = watchos;
				SKIP_INSTALL = YES;
				SWIFT_EMIT_LOC_STRINGS = YES;
				SWIFT_VERSION = 5.0;
				TARGETED_DEVICE_FAMILY = 4;
				WATCHOS_DEPLOYMENT_TARGET = 10.5;
			};
			name = Release;
		};
		9BE626F72C36150F00B38BEE /* Debug */ = {
			isa = XCBuildConfiguration;
			buildSettings = {
				ALWAYS_SEARCH_USER_PATHS = NO;
				ASSETCATALOG_COMPILER_GENERATE_SWIFT_ASSET_SYMBOL_EXTENSIONS = YES;
				CLANG_ANALYZER_NONNULL = YES;
				CLANG_ANALYZER_NUMBER_OBJECT_CONVERSION = YES_AGGRESSIVE;
				CLANG_CXX_LANGUAGE_STANDARD = "gnu++20";
				CLANG_ENABLE_MODULES = YES;
				CLANG_ENABLE_OBJC_ARC = YES;
				CLANG_ENABLE_OBJC_WEAK = YES;
				CLANG_WARN_BLOCK_CAPTURE_AUTORELEASING = YES;
				CLANG_WARN_BOOL_CONVERSION = YES;
				CLANG_WARN_COMMA = YES;
				CLANG_WARN_CONSTANT_CONVERSION = YES;
				CLANG_WARN_DEPRECATED_OBJC_IMPLEMENTATIONS = YES;
				CLANG_WARN_DIRECT_OBJC_ISA_USAGE = YES_ERROR;
				CLANG_WARN_DOCUMENTATION_COMMENTS = YES;
				CLANG_WARN_EMPTY_BODY = YES;
				CLANG_WARN_ENUM_CONVERSION = YES;
				CLANG_WARN_INFINITE_RECURSION = YES;
				CLANG_WARN_INT_CONVERSION = YES;
				CLANG_WARN_NON_LITERAL_NULL_CONVERSION = YES;
				CLANG_WARN_OBJC_IMPLICIT_RETAIN_SELF = YES;
				CLANG_WARN_OBJC_LITERAL_CONVERSION = YES;
				CLANG_WARN_OBJC_ROOT_CLASS = YES_ERROR;
				CLANG_WARN_QUOTED_INCLUDE_IN_FRAMEWORK_HEADER = YES;
				CLANG_WARN_RANGE_LOOP_ANALYSIS = YES;
				CLANG_WARN_STRICT_PROTOTYPES = YES;
				CLANG_WARN_SUSPICIOUS_MOVE = YES;
				CLANG_WARN_UNGUARDED_AVAILABILITY = YES_AGGRESSIVE;
				CLANG_WARN_UNREACHABLE_CODE = YES;
				CLANG_WARN__DUPLICATE_METHOD_MATCH = YES;
				COPY_PHASE_STRIP = NO;
				DEBUG_INFORMATION_FORMAT = dwarf;
				ENABLE_STRICT_OBJC_MSGSEND = YES;
				ENABLE_TESTABILITY = YES;
				ENABLE_USER_SCRIPT_SANDBOXING = YES;
				GCC_C_LANGUAGE_STANDARD = gnu17;
				GCC_DYNAMIC_NO_PIC = NO;
				GCC_NO_COMMON_BLOCKS = YES;
				GCC_OPTIMIZATION_LEVEL = 0;
				GCC_PREPROCESSOR_DEFINITIONS = (
					"DEBUG=1",
					"$(inherited)",
				);
				GCC_WARN_64_TO_32_BIT_CONVERSION = YES;
				GCC_WARN_ABOUT_RETURN_TYPE = YES_ERROR;
				GCC_WARN_UNDECLARED_SELECTOR = YES;
				GCC_WARN_UNINITIALIZED_AUTOS = YES_AGGRESSIVE;
				GCC_WARN_UNUSED_FUNCTION = YES;
				GCC_WARN_UNUSED_VARIABLE = YES;
				IPHONEOS_DEPLOYMENT_TARGET = 17.5;
				LOCALIZATION_PREFERS_STRING_CATALOGS = YES;
				MTL_ENABLE_DEBUG_INFO = INCLUDE_SOURCE;
				MTL_FAST_MATH = YES;
				ONLY_ACTIVE_ARCH = YES;
				SDKROOT = iphoneos;
				SWIFT_ACTIVE_COMPILATION_CONDITIONS = "DEBUG $(inherited)";
				SWIFT_OPTIMIZATION_LEVEL = "-Onone";
			};
			name = Debug;
		};
		9BE626F82C36150F00B38BEE /* Release */ = {
			isa = XCBuildConfiguration;
			buildSettings = {
				ALWAYS_SEARCH_USER_PATHS = NO;
				ASSETCATALOG_COMPILER_GENERATE_SWIFT_ASSET_SYMBOL_EXTENSIONS = YES;
				CLANG_ANALYZER_NONNULL = YES;
				CLANG_ANALYZER_NUMBER_OBJECT_CONVERSION = YES_AGGRESSIVE;
				CLANG_CXX_LANGUAGE_STANDARD = "gnu++20";
				CLANG_ENABLE_MODULES = YES;
				CLANG_ENABLE_OBJC_ARC = YES;
				CLANG_ENABLE_OBJC_WEAK = YES;
				CLANG_WARN_BLOCK_CAPTURE_AUTORELEASING = YES;
				CLANG_WARN_BOOL_CONVERSION = YES;
				CLANG_WARN_COMMA = YES;
				CLANG_WARN_CONSTANT_CONVERSION = YES;
				CLANG_WARN_DEPRECATED_OBJC_IMPLEMENTATIONS = YES;
				CLANG_WARN_DIRECT_OBJC_ISA_USAGE = YES_ERROR;
				CLANG_WARN_DOCUMENTATION_COMMENTS = YES;
				CLANG_WARN_EMPTY_BODY = YES;
				CLANG_WARN_ENUM_CONVERSION = YES;
				CLANG_WARN_INFINITE_RECURSION = YES;
				CLANG_WARN_INT_CONVERSION = YES;
				CLANG_WARN_NON_LITERAL_NULL_CONVERSION = YES;
				CLANG_WARN_OBJC_IMPLICIT_RETAIN_SELF = YES;
				CLANG_WARN_OBJC_LITERAL_CONVERSION = YES;
				CLANG_WARN_OBJC_ROOT_CLASS = YES_ERROR;
				CLANG_WARN_QUOTED_INCLUDE_IN_FRAMEWORK_HEADER = YES;
				CLANG_WARN_RANGE_LOOP_ANALYSIS = YES;
				CLANG_WARN_STRICT_PROTOTYPES = YES;
				CLANG_WARN_SUSPICIOUS_MOVE = YES;
				CLANG_WARN_UNGUARDED_AVAILABILITY = YES_AGGRESSIVE;
				CLANG_WARN_UNREACHABLE_CODE = YES;
				CLANG_WARN__DUPLICATE_METHOD_MATCH = YES;
				COPY_PHASE_STRIP = NO;
				DEBUG_INFORMATION_FORMAT = "dwarf-with-dsym";
				ENABLE_NS_ASSERTIONS = NO;
				ENABLE_STRICT_OBJC_MSGSEND = YES;
				ENABLE_USER_SCRIPT_SANDBOXING = YES;
				GCC_C_LANGUAGE_STANDARD = gnu17;
				GCC_NO_COMMON_BLOCKS = YES;
				GCC_WARN_64_TO_32_BIT_CONVERSION = YES;
				GCC_WARN_ABOUT_RETURN_TYPE = YES_ERROR;
				GCC_WARN_UNDECLARED_SELECTOR = YES;
				GCC_WARN_UNINITIALIZED_AUTOS = YES_AGGRESSIVE;
				GCC_WARN_UNUSED_FUNCTION = YES;
				GCC_WARN_UNUSED_VARIABLE = YES;
				IPHONEOS_DEPLOYMENT_TARGET = 17.5;
				LOCALIZATION_PREFERS_STRING_CATALOGS = YES;
				MTL_ENABLE_DEBUG_INFO = NO;
				MTL_FAST_MATH = YES;
				SDKROOT = iphoneos;
				SWIFT_COMPILATION_MODE = wholemodule;
				VALIDATE_PRODUCT = YES;
			};
			name = Release;
		};
		9BE626FA2C36150F00B38BEE /* Debug */ = {
			isa = XCBuildConfiguration;
			buildSettings = {
				ALWAYS_EMBED_SWIFT_STANDARD_LIBRARIES = YES;
				ASSETCATALOG_COMPILER_APPICON_NAME = AppIcon;
				ASSETCATALOG_COMPILER_GLOBAL_ACCENT_COLOR_NAME = AccentColor;
				CODE_SIGN_IDENTITY = "Apple Development";
				CODE_SIGN_STYLE = Automatic;
				CURRENT_PROJECT_VERSION = 1.1;
				DEVELOPMENT_ASSET_PATHS = "\"VolleyScoreboard/Preview Content\"";
				DEVELOPMENT_TEAM = PPW5E75Z6J;
				ENABLE_PREVIEWS = YES;
				GENERATE_INFOPLIST_FILE = YES;
				INFOPLIST_FILE = VolleyScoreboard/Info.plist;
				INFOPLIST_KEY_CFBundleDisplayName = "Placar de Vôlei";
				INFOPLIST_KEY_LSApplicationCategoryType = "public.app-category.sports";
				INFOPLIST_KEY_NSSupportsLiveActivities = YES;
				INFOPLIST_KEY_UIApplicationSceneManifest_Generation = YES;
				INFOPLIST_KEY_UIApplicationSupportsIndirectInputEvents = YES;
				INFOPLIST_KEY_UILaunchScreen_Generation = YES;
				INFOPLIST_KEY_UILaunchStoryboardName = "Launch Screen.storyboard";
				INFOPLIST_KEY_UISupportedInterfaceOrientations_iPad = "UIInterfaceOrientationPortrait UIInterfaceOrientationPortraitUpsideDown UIInterfaceOrientationLandscapeLeft UIInterfaceOrientationLandscapeRight";
				INFOPLIST_KEY_UISupportedInterfaceOrientations_iPhone = "UIInterfaceOrientationPortrait UIInterfaceOrientationLandscapeLeft UIInterfaceOrientationLandscapeRight";
				LD_RUNPATH_SEARCH_PATHS = (
					"$(inherited)",
					"@executable_path/Frameworks",
				);
				MARKETING_VERSION = 1.1;
				PRODUCT_BUNDLE_IDENTIFIER = com.4DevsO.VolleyScoreboard;
				PRODUCT_NAME = "$(TARGET_NAME)";
				PROVISIONING_PROFILE_SPECIFIER = "";
				SWIFT_EMIT_LOC_STRINGS = YES;
				SWIFT_VERSION = 5.0;
				TARGETED_DEVICE_FAMILY = "1,2";
			};
			name = Debug;
		};
		9BE626FB2C36150F00B38BEE /* Release */ = {
			isa = XCBuildConfiguration;
			buildSettings = {
				ALWAYS_EMBED_SWIFT_STANDARD_LIBRARIES = YES;
				ASSETCATALOG_COMPILER_APPICON_NAME = AppIcon;
				ASSETCATALOG_COMPILER_GLOBAL_ACCENT_COLOR_NAME = AccentColor;
				CODE_SIGN_IDENTITY = "Apple Development";
				CODE_SIGN_STYLE = Automatic;
				CURRENT_PROJECT_VERSION = 1.1;
				DEVELOPMENT_ASSET_PATHS = "\"VolleyScoreboard/Preview Content\"";
				DEVELOPMENT_TEAM = PPW5E75Z6J;
				ENABLE_PREVIEWS = YES;
				GENERATE_INFOPLIST_FILE = YES;
				INFOPLIST_FILE = VolleyScoreboard/Info.plist;
				INFOPLIST_KEY_CFBundleDisplayName = "Placar de Vôlei";
				INFOPLIST_KEY_LSApplicationCategoryType = "public.app-category.sports";
				INFOPLIST_KEY_NSSupportsLiveActivities = YES;
				INFOPLIST_KEY_UIApplicationSceneManifest_Generation = YES;
				INFOPLIST_KEY_UIApplicationSupportsIndirectInputEvents = YES;
				INFOPLIST_KEY_UILaunchScreen_Generation = YES;
				INFOPLIST_KEY_UILaunchStoryboardName = "Launch Screen.storyboard";
				INFOPLIST_KEY_UISupportedInterfaceOrientations_iPad = "UIInterfaceOrientationPortrait UIInterfaceOrientationPortraitUpsideDown UIInterfaceOrientationLandscapeLeft UIInterfaceOrientationLandscapeRight";
				INFOPLIST_KEY_UISupportedInterfaceOrientations_iPhone = "UIInterfaceOrientationPortrait UIInterfaceOrientationLandscapeLeft UIInterfaceOrientationLandscapeRight";
				LD_RUNPATH_SEARCH_PATHS = (
					"$(inherited)",
					"@executable_path/Frameworks",
				);
				MARKETING_VERSION = 1.1;
				PRODUCT_BUNDLE_IDENTIFIER = com.4DevsO.VolleyScoreboard;
				PRODUCT_NAME = "$(TARGET_NAME)";
				PROVISIONING_PROFILE_SPECIFIER = "";
				SWIFT_EMIT_LOC_STRINGS = YES;
				SWIFT_VERSION = 5.0;
				TARGETED_DEVICE_FAMILY = "1,2";
			};
			name = Release;
		};
/* End XCBuildConfiguration section */

/* Begin XCConfigurationList section */
		9B11600E2C44A8D500525682 /* Build configuration list for PBXNativeTarget "VolleyScoreboardWatchWidgetExtension" */ = {
			isa = XCConfigurationList;
			buildConfigurations = (
				9B11600C2C44A8D500525682 /* Debug */,
				9B11600D2C44A8D500525682 /* Release */,
			);
			defaultConfigurationIsVisible = 0;
			defaultConfigurationName = Release;
		};
		9B982B1F2C43608700E63B43 /* Build configuration list for PBXNativeTarget "VolleyScoreboardWidgetExtensionExtension" */ = {
			isa = XCConfigurationList;
			buildConfigurations = (
				9B982B202C43608700E63B43 /* Debug */,
				9B982B212C43608700E63B43 /* Release */,
			);
			defaultConfigurationIsVisible = 0;
			defaultConfigurationName = Release;
		};
		9B982B932C447BBA00E63B43 /* Build configuration list for PBXNativeTarget "VolleyScoreboardWatch Watch App" */ = {
			isa = XCConfigurationList;
			buildConfigurations = (
				9B982B912C447BBA00E63B43 /* Debug */,
				9B982B922C447BBA00E63B43 /* Release */,
			);
			defaultConfigurationIsVisible = 0;
			defaultConfigurationName = Release;
		};
		9BE626CE2C36150E00B38BEE /* Build configuration list for PBXProject "VolleyScoreboard" */ = {
			isa = XCConfigurationList;
			buildConfigurations = (
				9BE626F72C36150F00B38BEE /* Debug */,
				9BE626F82C36150F00B38BEE /* Release */,
			);
			defaultConfigurationIsVisible = 0;
			defaultConfigurationName = Release;
		};
		9BE626F92C36150F00B38BEE /* Build configuration list for PBXNativeTarget "VolleyScoreboard" */ = {
			isa = XCConfigurationList;
			buildConfigurations = (
				9BE626FA2C36150F00B38BEE /* Debug */,
				9BE626FB2C36150F00B38BEE /* Release */,
			);
			defaultConfigurationIsVisible = 0;
			defaultConfigurationName = Release;
		};
/* End XCConfigurationList section */
	};
	rootObject = 9BE626CB2C36150E00B38BEE /* Project object */;
}
